// !$*UTF8*$!
{
	archiveVersion = 1;
	classes = {
	};
	objectVersion = 50;
	objects = {

/* Begin PBXBuildFile section */
		781A25572566838C00560026 /* AppCommands.swift in Sources */ = {isa = PBXBuildFile; fileRef = 781A25552566838C00560026 /* AppCommands.swift */; };
		781A25A3256690C200560026 /* MDProductGroupFormView.swift in Sources */ = {isa = PBXBuildFile; fileRef = 781A25A2256690C200560026 /* MDProductGroupFormView.swift */; };
		781A25A4256690C200560026 /* MDProductGroupFormView.swift in Sources */ = {isa = PBXBuildFile; fileRef = 781A25A2256690C200560026 /* MDProductGroupFormView.swift */; };
		781A25AE2566952A00560026 /* MDProductFormView.swift in Sources */ = {isa = PBXBuildFile; fileRef = 781A25AD2566952A00560026 /* MDProductFormView.swift */; };
		781A25AF2566952A00560026 /* MDProductFormView.swift in Sources */ = {isa = PBXBuildFile; fileRef = 781A25AD2566952A00560026 /* MDProductFormView.swift */; };
		781A25BD2566B5AF00560026 /* MyIntStepper.swift in Sources */ = {isa = PBXBuildFile; fileRef = 781A25BC2566B5AF00560026 /* MyIntStepper.swift */; };
		781A25BE2566B5AF00560026 /* MyIntStepper.swift in Sources */ = {isa = PBXBuildFile; fileRef = 781A25BC2566B5AF00560026 /* MyIntStepper.swift */; };
		781A25C82566B84600560026 /* MyDoubleStepper.swift in Sources */ = {isa = PBXBuildFile; fileRef = 781A25C72566B84600560026 /* MyDoubleStepper.swift */; };
		781A25C92566B84600560026 /* MyDoubleStepper.swift in Sources */ = {isa = PBXBuildFile; fileRef = 781A25C72566B84600560026 /* MyDoubleStepper.swift */; };
		781A25D32566BB9100560026 /* MyToggle.swift in Sources */ = {isa = PBXBuildFile; fileRef = 781A25D22566BB9100560026 /* MyToggle.swift */; };
		781A25D42566BB9100560026 /* MyToggle.swift in Sources */ = {isa = PBXBuildFile; fileRef = 781A25D22566BB9100560026 /* MyToggle.swift */; };
		781DD5B52578F74B00A30ECA /* MDBarcodeFormView.swift in Sources */ = {isa = PBXBuildFile; fileRef = 781DD5B42578F74B00A30ECA /* MDBarcodeFormView.swift */; };
		781DD5B62578F74B00A30ECA /* MDBarcodeFormView.swift in Sources */ = {isa = PBXBuildFile; fileRef = 781DD5B42578F74B00A30ECA /* MDBarcodeFormView.swift */; };
		781DD5C72579028800A30ECA /* MDBarcodesView.swift in Sources */ = {isa = PBXBuildFile; fileRef = 781DD5C62579028800A30ECA /* MDBarcodesView.swift */; };
		781DD5C82579028800A30ECA /* MDBarcodesView.swift in Sources */ = {isa = PBXBuildFile; fileRef = 781DD5C62579028800A30ECA /* MDBarcodesView.swift */; };
		782626F0256E824C00ECED03 /* StockProductDetailsModel.swift in Sources */ = {isa = PBXBuildFile; fileRef = 782626EF256E824C00ECED03 /* StockProductDetailsModel.swift */; };
		782626F1256E824C00ECED03 /* StockProductDetailsModel.swift in Sources */ = {isa = PBXBuildFile; fileRef = 782626EF256E824C00ECED03 /* StockProductDetailsModel.swift */; };
		782626F7256E82EF00ECED03 /* MDProductBarcodeModel.swift in Sources */ = {isa = PBXBuildFile; fileRef = 782626F6256E82EF00ECED03 /* MDProductBarcodeModel.swift */; };
		782626F8256E82EF00ECED03 /* MDProductBarcodeModel.swift in Sources */ = {isa = PBXBuildFile; fileRef = 782626F6256E82EF00ECED03 /* MDProductBarcodeModel.swift */; };
		78262707256E83A900ECED03 /* StockLocationModel.swift in Sources */ = {isa = PBXBuildFile; fileRef = 78262706256E83A900ECED03 /* StockLocationModel.swift */; };
		78262708256E83A900ECED03 /* StockLocationModel.swift in Sources */ = {isa = PBXBuildFile; fileRef = 78262706256E83A900ECED03 /* StockLocationModel.swift */; };
		7826270E256E847F00ECED03 /* StockProductPriceHistory.swift in Sources */ = {isa = PBXBuildFile; fileRef = 7826270D256E847F00ECED03 /* StockProductPriceHistory.swift */; };
		7826270F256E847F00ECED03 /* StockProductPriceHistory.swift in Sources */ = {isa = PBXBuildFile; fileRef = 7826270D256E847F00ECED03 /* StockProductPriceHistory.swift */; };
		7826271E256E884F00ECED03 /* ProductTransferModel.swift in Sources */ = {isa = PBXBuildFile; fileRef = 7826271D256E884F00ECED03 /* ProductTransferModel.swift */; };
		7826271F256E884F00ECED03 /* ProductTransferModel.swift in Sources */ = {isa = PBXBuildFile; fileRef = 7826271D256E884F00ECED03 /* ProductTransferModel.swift */; };
		78396E7725629F7700B9878F /* MDLocationFormView.swift in Sources */ = {isa = PBXBuildFile; fileRef = 783F4FAD25629E0400CD52B7 /* MDLocationFormView.swift */; };
		78396E8C25629FE600B9878F /* MyTextField.swift in Sources */ = {isa = PBXBuildFile; fileRef = 78396E8B25629FE600B9878F /* MyTextField.swift */; };
		78396E8D25629FE600B9878F /* MyTextField.swift in Sources */ = {isa = PBXBuildFile; fileRef = 78396E8B25629FE600B9878F /* MyTextField.swift */; };
		783F4FAE25629E0400CD52B7 /* MDLocationFormView.swift in Sources */ = {isa = PBXBuildFile; fileRef = 783F4FAD25629E0400CD52B7 /* MDLocationFormView.swift */; };
		7848A0CD256BD2C3004EAF18 /* UserManagementView.swift in Sources */ = {isa = PBXBuildFile; fileRef = 7848A0CC256BD2C3004EAF18 /* UserManagementView.swift */; };
		7848A0CE256BD2C3004EAF18 /* UserManagementView.swift in Sources */ = {isa = PBXBuildFile; fileRef = 7848A0CC256BD2C3004EAF18 /* UserManagementView.swift */; };
		7848A0D4256BDB26004EAF18 /* TransactionTypeFormatter.swift in Sources */ = {isa = PBXBuildFile; fileRef = 7848A0D3256BDB26004EAF18 /* TransactionTypeFormatter.swift */; };
		7848A0D5256BDB26004EAF18 /* TransactionTypeFormatter.swift in Sources */ = {isa = PBXBuildFile; fileRef = 7848A0D3256BDB26004EAF18 /* TransactionTypeFormatter.swift */; };
		7848A0DB256BE3D5004EAF18 /* ConsumeProductView.swift in Sources */ = {isa = PBXBuildFile; fileRef = 7848A0DA256BE3D5004EAF18 /* ConsumeProductView.swift */; };
		7848A0DC256BE3D5004EAF18 /* ConsumeProductView.swift in Sources */ = {isa = PBXBuildFile; fileRef = 7848A0DA256BE3D5004EAF18 /* ConsumeProductView.swift */; };
		7848A0E2256BE3E3004EAF18 /* TransferProductView.swift in Sources */ = {isa = PBXBuildFile; fileRef = 7848A0E1256BE3E3004EAF18 /* TransferProductView.swift */; };
		7848A0E3256BE3E3004EAF18 /* TransferProductView.swift in Sources */ = {isa = PBXBuildFile; fileRef = 7848A0E1256BE3E3004EAF18 /* TransferProductView.swift */; };
		7848A0E9256BE3EF004EAF18 /* InventoryProductView.swift in Sources */ = {isa = PBXBuildFile; fileRef = 7848A0E8256BE3EF004EAF18 /* InventoryProductView.swift */; };
		7848A0EA256BE3EF004EAF18 /* InventoryProductView.swift in Sources */ = {isa = PBXBuildFile; fileRef = 7848A0E8256BE3EF004EAF18 /* InventoryProductView.swift */; };
		78512060256FE94600171390 /* UserRowView.swift in Sources */ = {isa = PBXBuildFile; fileRef = 7851205F256FE94600171390 /* UserRowView.swift */; };
		78512061256FE94600171390 /* UserRowView.swift in Sources */ = {isa = PBXBuildFile; fileRef = 7851205F256FE94600171390 /* UserRowView.swift */; };
		78512067256FF0E400171390 /* UserFormView.swift in Sources */ = {isa = PBXBuildFile; fileRef = 78512066256FF0E400171390 /* UserFormView.swift */; };
		78512068256FF0E400171390 /* UserFormView.swift in Sources */ = {isa = PBXBuildFile; fileRef = 78512066256FF0E400171390 /* UserFormView.swift */; };
		786F6E842563FDC7004D8DE0 /* MDShoppingLocationsView.swift in Sources */ = {isa = PBXBuildFile; fileRef = 786F6E832563FDC7004D8DE0 /* MDShoppingLocationsView.swift */; };
		786F6E852563FDC7004D8DE0 /* MDShoppingLocationsView.swift in Sources */ = {isa = PBXBuildFile; fileRef = 786F6E832563FDC7004D8DE0 /* MDShoppingLocationsView.swift */; };
		786F6E8B2563FFA7004D8DE0 /* MDShoppingLocationFormView.swift in Sources */ = {isa = PBXBuildFile; fileRef = 786F6E8A2563FFA7004D8DE0 /* MDShoppingLocationFormView.swift */; };
		786F6E8C2563FFA7004D8DE0 /* MDShoppingLocationFormView.swift in Sources */ = {isa = PBXBuildFile; fileRef = 786F6E8A2563FFA7004D8DE0 /* MDShoppingLocationFormView.swift */; };
		786F6E9225640332004D8DE0 /* MDProductsView.swift in Sources */ = {isa = PBXBuildFile; fileRef = 786F6E9125640332004D8DE0 /* MDProductsView.swift */; };
		786F6E9325640332004D8DE0 /* MDProductsView.swift in Sources */ = {isa = PBXBuildFile; fileRef = 786F6E9125640332004D8DE0 /* MDProductsView.swift */; };
		786F6E992564034F004D8DE0 /* MDProductGroupsView.swift in Sources */ = {isa = PBXBuildFile; fileRef = 786F6E982564034F004D8DE0 /* MDProductGroupsView.swift */; };
		786F6E9A2564034F004D8DE0 /* MDProductGroupsView.swift in Sources */ = {isa = PBXBuildFile; fileRef = 786F6E982564034F004D8DE0 /* MDProductGroupsView.swift */; };
		786F6EA42564035C004D8DE0 /* MDChoresView.swift in Sources */ = {isa = PBXBuildFile; fileRef = 786F6EA32564035C004D8DE0 /* MDChoresView.swift */; };
		786F6EA52564035C004D8DE0 /* MDChoresView.swift in Sources */ = {isa = PBXBuildFile; fileRef = 786F6EA32564035C004D8DE0 /* MDChoresView.swift */; };
		786F6EAB25640372004D8DE0 /* MDQuantityUnitsView.swift in Sources */ = {isa = PBXBuildFile; fileRef = 786F6EAA25640372004D8DE0 /* MDQuantityUnitsView.swift */; };
		786F6EAC25640372004D8DE0 /* MDQuantityUnitsView.swift in Sources */ = {isa = PBXBuildFile; fileRef = 786F6EAA25640372004D8DE0 /* MDQuantityUnitsView.swift */; };
		786F6EB225640383004D8DE0 /* MDBatteriesView.swift in Sources */ = {isa = PBXBuildFile; fileRef = 786F6EB125640383004D8DE0 /* MDBatteriesView.swift */; };
		786F6EB325640383004D8DE0 /* MDBatteriesView.swift in Sources */ = {isa = PBXBuildFile; fileRef = 786F6EB125640383004D8DE0 /* MDBatteriesView.swift */; };
		786F6EB925640396004D8DE0 /* MDTaskCategoriesView.swift in Sources */ = {isa = PBXBuildFile; fileRef = 786F6EB825640396004D8DE0 /* MDTaskCategoriesView.swift */; };
		786F6EBA25640396004D8DE0 /* MDTaskCategoriesView.swift in Sources */ = {isa = PBXBuildFile; fileRef = 786F6EB825640396004D8DE0 /* MDTaskCategoriesView.swift */; };
		786F6EC025640562004D8DE0 /* MDQuantityUnitFormView.swift in Sources */ = {isa = PBXBuildFile; fileRef = 786F6EBF25640562004D8DE0 /* MDQuantityUnitFormView.swift */; };
		786F6EC125640562004D8DE0 /* MDQuantityUnitFormView.swift in Sources */ = {isa = PBXBuildFile; fileRef = 786F6EBF25640562004D8DE0 /* MDQuantityUnitFormView.swift */; };
		7880F0F1256FB4CB00FB8431 /* ShoppingListView.swift in Sources */ = {isa = PBXBuildFile; fileRef = 7880F0F0256FB4CB00FB8431 /* ShoppingListView.swift */; };
		7880F0F2256FB4CB00FB8431 /* ShoppingListView.swift in Sources */ = {isa = PBXBuildFile; fileRef = 7880F0F0256FB4CB00FB8431 /* ShoppingListView.swift */; };
		7880F0F9256FB63800FB8431 /* ShoppingListModel.swift in Sources */ = {isa = PBXBuildFile; fileRef = 7880F0F8256FB63800FB8431 /* ShoppingListModel.swift */; };
		7880F0FA256FB63800FB8431 /* ShoppingListModel.swift in Sources */ = {isa = PBXBuildFile; fileRef = 7880F0F8256FB63800FB8431 /* ShoppingListModel.swift */; };
		7880F104256FB6E400FB8431 /* ShoppingListDescriptionModel.swift in Sources */ = {isa = PBXBuildFile; fileRef = 7880F103256FB6E400FB8431 /* ShoppingListDescriptionModel.swift */; };
		7880F105256FB6E400FB8431 /* ShoppingListDescriptionModel.swift in Sources */ = {isa = PBXBuildFile; fileRef = 7880F103256FB6E400FB8431 /* ShoppingListDescriptionModel.swift */; };
		7880F10B256FC4F100FB8431 /* ShoppingListRowView.swift in Sources */ = {isa = PBXBuildFile; fileRef = 7880F10A256FC4F100FB8431 /* ShoppingListRowView.swift */; };
		7880F10C256FC4F100FB8431 /* ShoppingListRowView.swift in Sources */ = {isa = PBXBuildFile; fileRef = 7880F10A256FC4F100FB8431 /* ShoppingListRowView.swift */; };
		7880F112256FC92800FB8431 /* ShoppingListFormView.swift in Sources */ = {isa = PBXBuildFile; fileRef = 7880F111256FC92800FB8431 /* ShoppingListFormView.swift */; };
		7880F113256FC92800FB8431 /* ShoppingListFormView.swift in Sources */ = {isa = PBXBuildFile; fileRef = 7880F111256FC92800FB8431 /* ShoppingListFormView.swift */; };
		7885B8982567E4C0003439F5 /* StockJournalView.swift in Sources */ = {isa = PBXBuildFile; fileRef = 7885B8972567E4C0003439F5 /* StockJournalView.swift */; };
		7885B8992567E4C0003439F5 /* StockJournalView.swift in Sources */ = {isa = PBXBuildFile; fileRef = 7885B8972567E4C0003439F5 /* StockJournalView.swift */; };
		7885B8A72567ED14003439F5 /* SharedModel.swift in Sources */ = {isa = PBXBuildFile; fileRef = 7885B8A62567ED14003439F5 /* SharedModel.swift */; };
		7885B8A82567ED14003439F5 /* SharedModel.swift in Sources */ = {isa = PBXBuildFile; fileRef = 7885B8A62567ED14003439F5 /* SharedModel.swift */; };
		7885B8AF2567F08F003439F5 /* GrocyUserModel.swift in Sources */ = {isa = PBXBuildFile; fileRef = 7885B8AE2567F08F003439F5 /* GrocyUserModel.swift */; };
		7885B8B02567F08F003439F5 /* GrocyUserModel.swift in Sources */ = {isa = PBXBuildFile; fileRef = 7885B8AE2567F08F003439F5 /* GrocyUserModel.swift */; };
		7885B8BB2567F723003439F5 /* PurchaseProductView.swift in Sources */ = {isa = PBXBuildFile; fileRef = 7885B8BA2567F723003439F5 /* PurchaseProductView.swift */; };
		7885B8BC2567F723003439F5 /* PurchaseProductView.swift in Sources */ = {isa = PBXBuildFile; fileRef = 7885B8BA2567F723003439F5 /* PurchaseProductView.swift */; };
		788EFFEC255F10970076FE0F /* NSTableView.swift in Sources */ = {isa = PBXBuildFile; fileRef = 788EFFEB255F10970076FE0F /* NSTableView.swift */; };
		7891C640257E33430014C59E /* StockTableRowActionsView.swift in Sources */ = {isa = PBXBuildFile; fileRef = 7891C63F257E33430014C59E /* StockTableRowActionsView.swift */; };
		7891C641257E33430014C59E /* StockTableRowActionsView.swift in Sources */ = {isa = PBXBuildFile; fileRef = 7891C63F257E33430014C59E /* StockTableRowActionsView.swift */; };
		7891C647257E3BDD0014C59E /* RowInteractionButton.swift in Sources */ = {isa = PBXBuildFile; fileRef = 7891C646257E3BDD0014C59E /* RowInteractionButton.swift */; };
		7891C648257E3BDD0014C59E /* RowInteractionButton.swift in Sources */ = {isa = PBXBuildFile; fileRef = 7891C646257E3BDD0014C59E /* RowInteractionButton.swift */; };
		7891C64E257E43460014C59E /* ShoppingListRowActionsView.swift in Sources */ = {isa = PBXBuildFile; fileRef = 7891C64D257E43460014C59E /* ShoppingListRowActionsView.swift */; };
		7891C64F257E43460014C59E /* ShoppingListRowActionsView.swift in Sources */ = {isa = PBXBuildFile; fileRef = 7891C64D257E43460014C59E /* ShoppingListRowActionsView.swift */; };
		7891C655257E45DC0014C59E /* StockTableMenuView.swift in Sources */ = {isa = PBXBuildFile; fileRef = 7891C654257E45DC0014C59E /* StockTableMenuView.swift */; };
		7891C656257E45DC0014C59E /* StockTableMenuView.swift in Sources */ = {isa = PBXBuildFile; fileRef = 7891C654257E45DC0014C59E /* StockTableMenuView.swift */; };
		7891C65C257E539A0014C59E /* ProductInventoryModel.swift in Sources */ = {isa = PBXBuildFile; fileRef = 7891C65B257E539A0014C59E /* ProductInventoryModel.swift */; };
		7891C65D257E539A0014C59E /* ProductInventoryModel.swift in Sources */ = {isa = PBXBuildFile; fileRef = 7891C65B257E539A0014C59E /* ProductInventoryModel.swift */; };
		78A33CBA257528B900C450D4 /* ProductOverviewView.swift in Sources */ = {isa = PBXBuildFile; fileRef = 78A33CB9257528B900C450D4 /* ProductOverviewView.swift */; };
		78A33CBB257528B900C450D4 /* ProductOverviewView.swift in Sources */ = {isa = PBXBuildFile; fileRef = 78A33CB9257528B900C450D4 /* ProductOverviewView.swift */; };
		78A33CC125752DC100C450D4 /* AmountFormatter.swift in Sources */ = {isa = PBXBuildFile; fileRef = 78A33CC025752DC100C450D4 /* AmountFormatter.swift */; };
		78A33CC225752DC100C450D4 /* AmountFormatter.swift in Sources */ = {isa = PBXBuildFile; fileRef = 78A33CC025752DC100C450D4 /* AmountFormatter.swift */; };
		78B67B7C2577DD8000EE6BBA /* ShoppingListActionModel.swift in Sources */ = {isa = PBXBuildFile; fileRef = 78B67B7B2577DD8000EE6BBA /* ShoppingListActionModel.swift */; };
		78B67B7D2577DD8000EE6BBA /* ShoppingListActionModel.swift in Sources */ = {isa = PBXBuildFile; fileRef = 78B67B7B2577DD8000EE6BBA /* ShoppingListActionModel.swift */; };
		78CB74AF255E9EF800319108 /* Tests_iOS.swift in Sources */ = {isa = PBXBuildFile; fileRef = 78CB74AE255E9EF800319108 /* Tests_iOS.swift */; };
		78CB74BA255E9EF800319108 /* Tests_macOS.swift in Sources */ = {isa = PBXBuildFile; fileRef = 78CB74B9255E9EF800319108 /* Tests_macOS.swift */; };
		78CB74BC255E9EF800319108 /* Grocy_SwiftUIApp.swift in Sources */ = {isa = PBXBuildFile; fileRef = 78CB7493255E9EF700319108 /* Grocy_SwiftUIApp.swift */; };
		78CB74BD255E9EF800319108 /* Grocy_SwiftUIApp.swift in Sources */ = {isa = PBXBuildFile; fileRef = 78CB7493255E9EF700319108 /* Grocy_SwiftUIApp.swift */; };
		78CB74BE255E9EF800319108 /* ContentView.swift in Sources */ = {isa = PBXBuildFile; fileRef = 78CB7494255E9EF700319108 /* ContentView.swift */; };
		78CB74BF255E9EF800319108 /* ContentView.swift in Sources */ = {isa = PBXBuildFile; fileRef = 78CB7494255E9EF700319108 /* ContentView.swift */; };
		78CB74C0255E9EF800319108 /* Assets.xcassets in Resources */ = {isa = PBXBuildFile; fileRef = 78CB7495255E9EF800319108 /* Assets.xcassets */; };
		78CB74C1255E9EF800319108 /* Assets.xcassets in Resources */ = {isa = PBXBuildFile; fileRef = 78CB7495255E9EF800319108 /* Assets.xcassets */; };
		78CB74D6255EA01600319108 /* AppSidebarNavigation.swift in Sources */ = {isa = PBXBuildFile; fileRef = 78CB74D5255EA01600319108 /* AppSidebarNavigation.swift */; };
		78CB74D7255EA01600319108 /* AppSidebarNavigation.swift in Sources */ = {isa = PBXBuildFile; fileRef = 78CB74D5255EA01600319108 /* AppSidebarNavigation.swift */; };
		78CB74E1255EA04A00319108 /* AppTabNavigation.swift in Sources */ = {isa = PBXBuildFile; fileRef = 78CB74E0255EA04A00319108 /* AppTabNavigation.swift */; };
		78CB7560255EA2D300319108 /* Localizable.strings in Resources */ = {isa = PBXBuildFile; fileRef = 78CB7563255EA2D300319108 /* Localizable.strings */; };
		78CB7561255EA2D300319108 /* Localizable.strings in Resources */ = {isa = PBXBuildFile; fileRef = 78CB7563255EA2D300319108 /* Localizable.strings */; };
		78CB756F255EA39200319108 /* GrocyModel.swift in Sources */ = {isa = PBXBuildFile; fileRef = 78CB756E255EA39200319108 /* GrocyModel.swift */; };
		78CB7570255EA39200319108 /* GrocyModel.swift in Sources */ = {isa = PBXBuildFile; fileRef = 78CB756E255EA39200319108 /* GrocyModel.swift */; };
		78CB757A255EA39900319108 /* GrocyAPI.swift in Sources */ = {isa = PBXBuildFile; fileRef = 78CB7579255EA39900319108 /* GrocyAPI.swift */; };
		78CB757B255EA39900319108 /* GrocyAPI.swift in Sources */ = {isa = PBXBuildFile; fileRef = 78CB7579255EA39900319108 /* GrocyAPI.swift */; };
		78CB7584255EA3D000319108 /* SystemInfoModel.swift in Sources */ = {isa = PBXBuildFile; fileRef = 78CB7581255EA3D000319108 /* SystemInfoModel.swift */; };
		78CB7585255EA3D000319108 /* SystemInfoModel.swift in Sources */ = {isa = PBXBuildFile; fileRef = 78CB7581255EA3D000319108 /* SystemInfoModel.swift */; };
		78CB7586255EA3D000319108 /* SystemDBChangedTimeModel.swift in Sources */ = {isa = PBXBuildFile; fileRef = 78CB7582255EA3D000319108 /* SystemDBChangedTimeModel.swift */; };
		78CB7587255EA3D000319108 /* SystemDBChangedTimeModel.swift in Sources */ = {isa = PBXBuildFile; fileRef = 78CB7582255EA3D000319108 /* SystemDBChangedTimeModel.swift */; };
		78CB7588255EA3D000319108 /* SystemConfigModel.swift in Sources */ = {isa = PBXBuildFile; fileRef = 78CB7583255EA3D000319108 /* SystemConfigModel.swift */; };
		78CB7589255EA3D000319108 /* SystemConfigModel.swift in Sources */ = {isa = PBXBuildFile; fileRef = 78CB7583255EA3D000319108 /* SystemConfigModel.swift */; };
		78CB758F255EA53F00319108 /* Errors.swift in Sources */ = {isa = PBXBuildFile; fileRef = 78CB758E255EA53F00319108 /* Errors.swift */; };
		78CB7590255EA53F00319108 /* Errors.swift in Sources */ = {isa = PBXBuildFile; fileRef = 78CB758E255EA53F00319108 /* Errors.swift */; };
		78CB7599255EA56D00319108 /* GrocyInfoView.swift in Sources */ = {isa = PBXBuildFile; fileRef = 78CB7596255EA56D00319108 /* GrocyInfoView.swift */; };
		78CB759A255EA56D00319108 /* GrocyInfoView.swift in Sources */ = {isa = PBXBuildFile; fileRef = 78CB7596255EA56D00319108 /* GrocyInfoView.swift */; };
		78CB759B255EA56D00319108 /* AboutView.swift in Sources */ = {isa = PBXBuildFile; fileRef = 78CB7597255EA56D00319108 /* AboutView.swift */; };
		78CB759C255EA56D00319108 /* AboutView.swift in Sources */ = {isa = PBXBuildFile; fileRef = 78CB7597255EA56D00319108 /* AboutView.swift */; };
		78CB759D255EA56D00319108 /* SettingsView.swift in Sources */ = {isa = PBXBuildFile; fileRef = 78CB7598255EA56D00319108 /* SettingsView.swift */; };
		78CB759E255EA56D00319108 /* SettingsView.swift in Sources */ = {isa = PBXBuildFile; fileRef = 78CB7598255EA56D00319108 /* SettingsView.swift */; };
		78CB75A6255EA5A900319108 /* Localization.swift in Sources */ = {isa = PBXBuildFile; fileRef = 78CB75A4255EA5A900319108 /* Localization.swift */; };
		78CB75A7255EA5A900319108 /* Localization.swift in Sources */ = {isa = PBXBuildFile; fileRef = 78CB75A4255EA5A900319108 /* Localization.swift */; };
		78CB75A8255EA5A900319108 /* DateFormatter.swift in Sources */ = {isa = PBXBuildFile; fileRef = 78CB75A5255EA5A900319108 /* DateFormatter.swift */; };
		78CB75A9255EA5A900319108 /* DateFormatter.swift in Sources */ = {isa = PBXBuildFile; fileRef = 78CB75A5255EA5A900319108 /* DateFormatter.swift */; };
		78CB75B0255EAB1400319108 /* Animations.swift in Sources */ = {isa = PBXBuildFile; fileRef = 78CB75AF255EAB1400319108 /* Animations.swift */; };
		78CB75B1255EAB1400319108 /* Animations.swift in Sources */ = {isa = PBXBuildFile; fileRef = 78CB75AF255EAB1400319108 /* Animations.swift */; };
		78CB75BC255EAE0000319108 /* VisualEffectBlur.swift in Sources */ = {isa = PBXBuildFile; fileRef = 78CB75BA255EAE0000319108 /* VisualEffectBlur.swift */; };
		78CB75C2255EAE2000319108 /* VisualEffectBlur.swift in Sources */ = {isa = PBXBuildFile; fileRef = 78CB75C1255EAE2000319108 /* VisualEffectBlur.swift */; };
		78CB75FE255EB9A000319108 /* StockEntryModel.swift in Sources */ = {isa = PBXBuildFile; fileRef = 78CB75F7255EB9A000319108 /* StockEntryModel.swift */; };
		78CB75FF255EB9A000319108 /* StockEntryModel.swift in Sources */ = {isa = PBXBuildFile; fileRef = 78CB75F7255EB9A000319108 /* StockEntryModel.swift */; };
		78CB7600255EB9A000319108 /* StockModel.swift in Sources */ = {isa = PBXBuildFile; fileRef = 78CB75F8255EB9A000319108 /* StockModel.swift */; };
		78CB7601255EB9A000319108 /* StockModel.swift in Sources */ = {isa = PBXBuildFile; fileRef = 78CB75F8255EB9A000319108 /* StockModel.swift */; };
		78CB7602255EB9A000319108 /* VolatileStockModel.swift in Sources */ = {isa = PBXBuildFile; fileRef = 78CB75F9255EB9A000319108 /* VolatileStockModel.swift */; };
		78CB7603255EB9A000319108 /* VolatileStockModel.swift in Sources */ = {isa = PBXBuildFile; fileRef = 78CB75F9255EB9A000319108 /* VolatileStockModel.swift */; };
		78CB7604255EB9A000319108 /* ProductConsumeModel.swift in Sources */ = {isa = PBXBuildFile; fileRef = 78CB75FA255EB9A000319108 /* ProductConsumeModel.swift */; };
		78CB7605255EB9A000319108 /* ProductConsumeModel.swift in Sources */ = {isa = PBXBuildFile; fileRef = 78CB75FA255EB9A000319108 /* ProductConsumeModel.swift */; };
		78CB7608255EB9A000319108 /* ProductOpenModel.swift in Sources */ = {isa = PBXBuildFile; fileRef = 78CB75FC255EB9A000319108 /* ProductOpenModel.swift */; };
		78CB7609255EB9A000319108 /* ProductOpenModel.swift in Sources */ = {isa = PBXBuildFile; fileRef = 78CB75FC255EB9A000319108 /* ProductOpenModel.swift */; };
		78CB760A255EB9A000319108 /* ProductBuyModel.swift in Sources */ = {isa = PBXBuildFile; fileRef = 78CB75FD255EB9A000319108 /* ProductBuyModel.swift */; };
		78CB760B255EB9A000319108 /* ProductBuyModel.swift in Sources */ = {isa = PBXBuildFile; fileRef = 78CB75FD255EB9A000319108 /* ProductBuyModel.swift */; };
		78CB7616255EB9C600319108 /* MDLocationsModel.swift in Sources */ = {isa = PBXBuildFile; fileRef = 78CB7611255EB9C500319108 /* MDLocationsModel.swift */; };
		78CB7617255EB9C600319108 /* MDLocationsModel.swift in Sources */ = {isa = PBXBuildFile; fileRef = 78CB7611255EB9C500319108 /* MDLocationsModel.swift */; };
		78CB7618255EB9C600319108 /* MDProductsModel.swift in Sources */ = {isa = PBXBuildFile; fileRef = 78CB7612255EB9C500319108 /* MDProductsModel.swift */; };
		78CB7619255EB9C600319108 /* MDProductsModel.swift in Sources */ = {isa = PBXBuildFile; fileRef = 78CB7612255EB9C500319108 /* MDProductsModel.swift */; };
		78CB761A255EB9C600319108 /* MDQuantityUnitsModel.swift in Sources */ = {isa = PBXBuildFile; fileRef = 78CB7613255EB9C500319108 /* MDQuantityUnitsModel.swift */; };
		78CB761B255EB9C600319108 /* MDQuantityUnitsModel.swift in Sources */ = {isa = PBXBuildFile; fileRef = 78CB7613255EB9C500319108 /* MDQuantityUnitsModel.swift */; };
		78CB761C255EB9C600319108 /* MDProductGroupsModel.swift in Sources */ = {isa = PBXBuildFile; fileRef = 78CB7614255EB9C500319108 /* MDProductGroupsModel.swift */; };
		78CB761D255EB9C600319108 /* MDProductGroupsModel.swift in Sources */ = {isa = PBXBuildFile; fileRef = 78CB7614255EB9C500319108 /* MDProductGroupsModel.swift */; };
		78CB761E255EB9C600319108 /* MDShoppingLocationsModel.swift in Sources */ = {isa = PBXBuildFile; fileRef = 78CB7615255EB9C500319108 /* MDShoppingLocationsModel.swift */; };
		78CB761F255EB9C600319108 /* MDShoppingLocationsModel.swift in Sources */ = {isa = PBXBuildFile; fileRef = 78CB7615255EB9C500319108 /* MDShoppingLocationsModel.swift */; };
		78CB762F255EBA3F00319108 /* StockFilterActionsView.swift in Sources */ = {isa = PBXBuildFile; fileRef = 78CB7629255EBA3F00319108 /* StockFilterActionsView.swift */; };
		78CB7630255EBA3F00319108 /* StockFilterActionsView.swift in Sources */ = {isa = PBXBuildFile; fileRef = 78CB7629255EBA3F00319108 /* StockFilterActionsView.swift */; };
		78CB7631255EBA3F00319108 /* StockTableRow.swift in Sources */ = {isa = PBXBuildFile; fileRef = 78CB762A255EBA3F00319108 /* StockTableRow.swift */; };
		78CB7632255EBA3F00319108 /* StockTableRow.swift in Sources */ = {isa = PBXBuildFile; fileRef = 78CB762A255EBA3F00319108 /* StockTableRow.swift */; };
		78CB7635255EBA3F00319108 /* StockView.swift in Sources */ = {isa = PBXBuildFile; fileRef = 78CB762C255EBA3F00319108 /* StockView.swift */; };
		78CB7636255EBA3F00319108 /* StockView.swift in Sources */ = {isa = PBXBuildFile; fileRef = 78CB762C255EBA3F00319108 /* StockView.swift */; };
		78CB7637255EBA3F00319108 /* ProductStatus.swift in Sources */ = {isa = PBXBuildFile; fileRef = 78CB762D255EBA3F00319108 /* ProductStatus.swift */; };
		78CB7638255EBA3F00319108 /* ProductStatus.swift in Sources */ = {isa = PBXBuildFile; fileRef = 78CB762D255EBA3F00319108 /* ProductStatus.swift */; };
		78CB7644255EBA6C00319108 /* Colors.swift in Sources */ = {isa = PBXBuildFile; fileRef = 78CB7643255EBA6C00319108 /* Colors.swift */; };
		78CB7645255EBA6C00319108 /* Colors.swift in Sources */ = {isa = PBXBuildFile; fileRef = 78CB7643255EBA6C00319108 /* Colors.swift */; };
		78CB764C255EBB0400319108 /* SearchBar.swift in Sources */ = {isa = PBXBuildFile; fileRef = 78CB764B255EBB0400319108 /* SearchBar.swift */; };
		78CB764D255EBB0400319108 /* SearchBar.swift in Sources */ = {isa = PBXBuildFile; fileRef = 78CB764B255EBB0400319108 /* SearchBar.swift */; };
		78CB7657255EC0B500319108 /* StockFilterBarView.swift in Sources */ = {isa = PBXBuildFile; fileRef = 78CB7656255EC0B500319108 /* StockFilterBarView.swift */; };
		78CB7658255EC0B500319108 /* StockFilterBarView.swift in Sources */ = {isa = PBXBuildFile; fileRef = 78CB7656255EC0B500319108 /* StockFilterBarView.swift */; };
		78D0F4C32571228B00E1B732 /* ShoppingListFilterActionView.swift in Sources */ = {isa = PBXBuildFile; fileRef = 78D0F4C22571228B00E1B732 /* ShoppingListFilterActionView.swift */; };
		78D0F4C42571228B00E1B732 /* ShoppingListFilterActionView.swift in Sources */ = {isa = PBXBuildFile; fileRef = 78D0F4C22571228B00E1B732 /* ShoppingListFilterActionView.swift */; };
		78D0F4CA257122B100E1B732 /* ShoppingListActionView.swift in Sources */ = {isa = PBXBuildFile; fileRef = 78D0F4C9257122B100E1B732 /* ShoppingListActionView.swift */; };
		78D0F4CB257122B100E1B732 /* ShoppingListActionView.swift in Sources */ = {isa = PBXBuildFile; fileRef = 78D0F4C9257122B100E1B732 /* ShoppingListActionView.swift */; };
		78D0F4D5257122DA00E1B732 /* ShoppingListFilterView.swift in Sources */ = {isa = PBXBuildFile; fileRef = 78D0F4D4257122DA00E1B732 /* ShoppingListFilterView.swift */; };
		78D0F4D6257122DA00E1B732 /* ShoppingListFilterView.swift in Sources */ = {isa = PBXBuildFile; fileRef = 78D0F4D4257122DA00E1B732 /* ShoppingListFilterView.swift */; };
		78D0F4DC2571238600E1B732 /* ShoppingListStatus.swift in Sources */ = {isa = PBXBuildFile; fileRef = 78D0F4DB2571238600E1B732 /* ShoppingListStatus.swift */; };
		78D0F4DD2571238600E1B732 /* ShoppingListStatus.swift in Sources */ = {isa = PBXBuildFile; fileRef = 78D0F4DB2571238600E1B732 /* ShoppingListStatus.swift */; };
		78D98F6F2577AFC800199688 /* ShoppingListEntryFormView.swift in Sources */ = {isa = PBXBuildFile; fileRef = 78D98F6E2577AFC800199688 /* ShoppingListEntryFormView.swift */; };
		78D98F702577AFC800199688 /* ShoppingListEntryFormView.swift in Sources */ = {isa = PBXBuildFile; fileRef = 78D98F6E2577AFC800199688 /* ShoppingListEntryFormView.swift */; };
		78D98F762577B93000199688 /* ShoppingListAddProduct.swift in Sources */ = {isa = PBXBuildFile; fileRef = 78D98F752577B93000199688 /* ShoppingListAddProduct.swift */; };
		78D98F772577B93000199688 /* ShoppingListAddProduct.swift in Sources */ = {isa = PBXBuildFile; fileRef = 78D98F752577B93000199688 /* ShoppingListAddProduct.swift */; };
		78EB13AE255F09E40055A0A8 /* SearchToolbarItem.swift in Sources */ = {isa = PBXBuildFile; fileRef = 78EB13AD255F09E40055A0A8 /* SearchToolbarItem.swift */; };
		78F1FAC0255EE6AC007D2E8B /* StockTableConfigView.swift in Sources */ = {isa = PBXBuildFile; fileRef = 78F1FABF255EE6AC007D2E8B /* StockTableConfigView.swift */; };
		78F1FAC1255EE6AC007D2E8B /* StockTableConfigView.swift in Sources */ = {isa = PBXBuildFile; fileRef = 78F1FABF255EE6AC007D2E8B /* StockTableConfigView.swift */; };
		78F1FAC7255EEDD1007D2E8B /* StockTable.swift in Sources */ = {isa = PBXBuildFile; fileRef = 78F1FAC6255EEDD1007D2E8B /* StockTable.swift */; };
		78F1FAC8255EEDD1007D2E8B /* StockTable.swift in Sources */ = {isa = PBXBuildFile; fileRef = 78F1FAC6255EEDD1007D2E8B /* StockTable.swift */; };
		78F1FADB255EFE73007D2E8B /* MDLocationsView.swift in Sources */ = {isa = PBXBuildFile; fileRef = 78F1FADA255EFE73007D2E8B /* MDLocationsView.swift */; };
		78F1FADC255EFE73007D2E8B /* MDLocationsView.swift in Sources */ = {isa = PBXBuildFile; fileRef = 78F1FADA255EFE73007D2E8B /* MDLocationsView.swift */; };
		78F1FAF7255F0347007D2E8B /* ToolbarSearch.swift in Sources */ = {isa = PBXBuildFile; fileRef = 78F1FAF6255F0347007D2E8B /* ToolbarSearch.swift */; };
		78F1FAF8255F0347007D2E8B /* ToolbarSearch.swift in Sources */ = {isa = PBXBuildFile; fileRef = 78F1FAF6255F0347007D2E8B /* ToolbarSearch.swift */; };
		78F1FAFE255F06F9007D2E8B /* MasterDataView.swift in Sources */ = {isa = PBXBuildFile; fileRef = 78F1FAFD255F06F9007D2E8B /* MasterDataView.swift */; };
		78FA6A942567D40500941460 /* StockJournalModel.swift in Sources */ = {isa = PBXBuildFile; fileRef = 78FA6A932567D40500941460 /* StockJournalModel.swift */; };
		78FA6A952567D40500941460 /* StockJournalModel.swift in Sources */ = {isa = PBXBuildFile; fileRef = 78FA6A932567D40500941460 /* StockJournalModel.swift */; };
		78FA6A9B2567D4E000941460 /* TransactionType.swift in Sources */ = {isa = PBXBuildFile; fileRef = 78FA6A9A2567D4E000941460 /* TransactionType.swift */; };
		78FA6A9C2567D4E000941460 /* TransactionType.swift in Sources */ = {isa = PBXBuildFile; fileRef = 78FA6A9A2567D4E000941460 /* TransactionType.swift */; };
		78FD0677257649D8006E4946 /* ProductDetailsObject.swift in Sources */ = {isa = PBXBuildFile; fileRef = 78FD0676257649D8006E4946 /* ProductDetailsObject.swift */; };
		78FD0678257649D8006E4946 /* ProductDetailsObject.swift in Sources */ = {isa = PBXBuildFile; fileRef = 78FD0676257649D8006E4946 /* ProductDetailsObject.swift */; };
/* End PBXBuildFile section */

/* Begin PBXContainerItemProxy section */
		78CB74AB255E9EF800319108 /* PBXContainerItemProxy */ = {
			isa = PBXContainerItemProxy;
			containerPortal = 78CB748E255E9EF600319108 /* Project object */;
			proxyType = 1;
			remoteGlobalIDString = 78CB7499255E9EF800319108;
			remoteInfo = "Grocy-SwiftUI (iOS)";
		};
		78CB74B6255E9EF800319108 /* PBXContainerItemProxy */ = {
			isa = PBXContainerItemProxy;
			containerPortal = 78CB748E255E9EF600319108 /* Project object */;
			proxyType = 1;
			remoteGlobalIDString = 78CB74A1255E9EF800319108;
			remoteInfo = "Grocy-SwiftUI (macOS)";
		};
/* End PBXContainerItemProxy section */

/* Begin PBXFileReference section */
		781A25552566838C00560026 /* AppCommands.swift */ = {isa = PBXFileReference; lastKnownFileType = sourcecode.swift; path = AppCommands.swift; sourceTree = "<group>"; };
		781A25A2256690C200560026 /* MDProductGroupFormView.swift */ = {isa = PBXFileReference; lastKnownFileType = sourcecode.swift; path = MDProductGroupFormView.swift; sourceTree = "<group>"; };
		781A25AD2566952A00560026 /* MDProductFormView.swift */ = {isa = PBXFileReference; lastKnownFileType = sourcecode.swift; path = MDProductFormView.swift; sourceTree = "<group>"; };
		781A25BC2566B5AF00560026 /* MyIntStepper.swift */ = {isa = PBXFileReference; lastKnownFileType = sourcecode.swift; path = MyIntStepper.swift; sourceTree = "<group>"; };
		781A25C72566B84600560026 /* MyDoubleStepper.swift */ = {isa = PBXFileReference; lastKnownFileType = sourcecode.swift; path = MyDoubleStepper.swift; sourceTree = "<group>"; };
		781A25D22566BB9100560026 /* MyToggle.swift */ = {isa = PBXFileReference; lastKnownFileType = sourcecode.swift; path = MyToggle.swift; sourceTree = "<group>"; };
		781DD5B42578F74B00A30ECA /* MDBarcodeFormView.swift */ = {isa = PBXFileReference; lastKnownFileType = sourcecode.swift; path = MDBarcodeFormView.swift; sourceTree = "<group>"; };
		781DD5C62579028800A30ECA /* MDBarcodesView.swift */ = {isa = PBXFileReference; lastKnownFileType = sourcecode.swift; path = MDBarcodesView.swift; sourceTree = "<group>"; };
		782626EF256E824C00ECED03 /* StockProductDetailsModel.swift */ = {isa = PBXFileReference; lastKnownFileType = sourcecode.swift; path = StockProductDetailsModel.swift; sourceTree = "<group>"; };
		782626F6256E82EF00ECED03 /* MDProductBarcodeModel.swift */ = {isa = PBXFileReference; lastKnownFileType = sourcecode.swift; path = MDProductBarcodeModel.swift; sourceTree = "<group>"; };
		78262706256E83A900ECED03 /* StockLocationModel.swift */ = {isa = PBXFileReference; lastKnownFileType = sourcecode.swift; path = StockLocationModel.swift; sourceTree = "<group>"; };
		7826270D256E847F00ECED03 /* StockProductPriceHistory.swift */ = {isa = PBXFileReference; lastKnownFileType = sourcecode.swift; path = StockProductPriceHistory.swift; sourceTree = "<group>"; };
		7826271D256E884F00ECED03 /* ProductTransferModel.swift */ = {isa = PBXFileReference; lastKnownFileType = sourcecode.swift; path = ProductTransferModel.swift; sourceTree = "<group>"; };
		78396E8B25629FE600B9878F /* MyTextField.swift */ = {isa = PBXFileReference; fileEncoding = 4; lastKnownFileType = sourcecode.swift; path = MyTextField.swift; sourceTree = "<group>"; };
		783F4FAD25629E0400CD52B7 /* MDLocationFormView.swift */ = {isa = PBXFileReference; lastKnownFileType = sourcecode.swift; path = MDLocationFormView.swift; sourceTree = "<group>"; };
		7848A0CC256BD2C3004EAF18 /* UserManagementView.swift */ = {isa = PBXFileReference; lastKnownFileType = sourcecode.swift; path = UserManagementView.swift; sourceTree = "<group>"; };
		7848A0D3256BDB26004EAF18 /* TransactionTypeFormatter.swift */ = {isa = PBXFileReference; lastKnownFileType = sourcecode.swift; path = TransactionTypeFormatter.swift; sourceTree = "<group>"; };
		7848A0DA256BE3D5004EAF18 /* ConsumeProductView.swift */ = {isa = PBXFileReference; lastKnownFileType = sourcecode.swift; path = ConsumeProductView.swift; sourceTree = "<group>"; };
		7848A0E1256BE3E3004EAF18 /* TransferProductView.swift */ = {isa = PBXFileReference; lastKnownFileType = sourcecode.swift; path = TransferProductView.swift; sourceTree = "<group>"; };
		7848A0E8256BE3EF004EAF18 /* InventoryProductView.swift */ = {isa = PBXFileReference; lastKnownFileType = sourcecode.swift; path = InventoryProductView.swift; sourceTree = "<group>"; };
		7851205F256FE94600171390 /* UserRowView.swift */ = {isa = PBXFileReference; lastKnownFileType = sourcecode.swift; path = UserRowView.swift; sourceTree = "<group>"; };
		78512066256FF0E400171390 /* UserFormView.swift */ = {isa = PBXFileReference; lastKnownFileType = sourcecode.swift; path = UserFormView.swift; sourceTree = "<group>"; };
		786F6E832563FDC7004D8DE0 /* MDShoppingLocationsView.swift */ = {isa = PBXFileReference; lastKnownFileType = sourcecode.swift; path = MDShoppingLocationsView.swift; sourceTree = "<group>"; };
		786F6E8A2563FFA7004D8DE0 /* MDShoppingLocationFormView.swift */ = {isa = PBXFileReference; lastKnownFileType = sourcecode.swift; path = MDShoppingLocationFormView.swift; sourceTree = "<group>"; };
		786F6E9125640332004D8DE0 /* MDProductsView.swift */ = {isa = PBXFileReference; lastKnownFileType = sourcecode.swift; path = MDProductsView.swift; sourceTree = "<group>"; };
		786F6E982564034F004D8DE0 /* MDProductGroupsView.swift */ = {isa = PBXFileReference; lastKnownFileType = sourcecode.swift; path = MDProductGroupsView.swift; sourceTree = "<group>"; };
		786F6EA32564035C004D8DE0 /* MDChoresView.swift */ = {isa = PBXFileReference; lastKnownFileType = sourcecode.swift; path = MDChoresView.swift; sourceTree = "<group>"; };
		786F6EAA25640372004D8DE0 /* MDQuantityUnitsView.swift */ = {isa = PBXFileReference; lastKnownFileType = sourcecode.swift; path = MDQuantityUnitsView.swift; sourceTree = "<group>"; };
		786F6EB125640383004D8DE0 /* MDBatteriesView.swift */ = {isa = PBXFileReference; lastKnownFileType = sourcecode.swift; path = MDBatteriesView.swift; sourceTree = "<group>"; };
		786F6EB825640396004D8DE0 /* MDTaskCategoriesView.swift */ = {isa = PBXFileReference; lastKnownFileType = sourcecode.swift; path = MDTaskCategoriesView.swift; sourceTree = "<group>"; };
		786F6EBF25640562004D8DE0 /* MDQuantityUnitFormView.swift */ = {isa = PBXFileReference; lastKnownFileType = sourcecode.swift; path = MDQuantityUnitFormView.swift; sourceTree = "<group>"; };
		7880F0F0256FB4CB00FB8431 /* ShoppingListView.swift */ = {isa = PBXFileReference; lastKnownFileType = sourcecode.swift; path = ShoppingListView.swift; sourceTree = "<group>"; };
		7880F0F8256FB63800FB8431 /* ShoppingListModel.swift */ = {isa = PBXFileReference; lastKnownFileType = sourcecode.swift; path = ShoppingListModel.swift; sourceTree = "<group>"; };
		7880F103256FB6E400FB8431 /* ShoppingListDescriptionModel.swift */ = {isa = PBXFileReference; lastKnownFileType = sourcecode.swift; path = ShoppingListDescriptionModel.swift; sourceTree = "<group>"; };
		7880F10A256FC4F100FB8431 /* ShoppingListRowView.swift */ = {isa = PBXFileReference; lastKnownFileType = sourcecode.swift; path = ShoppingListRowView.swift; sourceTree = "<group>"; };
		7880F111256FC92800FB8431 /* ShoppingListFormView.swift */ = {isa = PBXFileReference; lastKnownFileType = sourcecode.swift; path = ShoppingListFormView.swift; sourceTree = "<group>"; };
		7885B8972567E4C0003439F5 /* StockJournalView.swift */ = {isa = PBXFileReference; lastKnownFileType = sourcecode.swift; path = StockJournalView.swift; sourceTree = "<group>"; };
		7885B8A62567ED14003439F5 /* SharedModel.swift */ = {isa = PBXFileReference; lastKnownFileType = sourcecode.swift; path = SharedModel.swift; sourceTree = "<group>"; };
		7885B8AE2567F08F003439F5 /* GrocyUserModel.swift */ = {isa = PBXFileReference; lastKnownFileType = sourcecode.swift; path = GrocyUserModel.swift; sourceTree = "<group>"; };
		7885B8BA2567F723003439F5 /* PurchaseProductView.swift */ = {isa = PBXFileReference; lastKnownFileType = sourcecode.swift; path = PurchaseProductView.swift; sourceTree = "<group>"; };
		788EFFEB255F10970076FE0F /* NSTableView.swift */ = {isa = PBXFileReference; lastKnownFileType = sourcecode.swift; path = NSTableView.swift; sourceTree = "<group>"; };
		7891C63F257E33430014C59E /* StockTableRowActionsView.swift */ = {isa = PBXFileReference; lastKnownFileType = sourcecode.swift; path = StockTableRowActionsView.swift; sourceTree = "<group>"; };
		7891C646257E3BDD0014C59E /* RowInteractionButton.swift */ = {isa = PBXFileReference; lastKnownFileType = sourcecode.swift; path = RowInteractionButton.swift; sourceTree = "<group>"; };
		7891C64D257E43460014C59E /* ShoppingListRowActionsView.swift */ = {isa = PBXFileReference; lastKnownFileType = sourcecode.swift; path = ShoppingListRowActionsView.swift; sourceTree = "<group>"; };
		7891C654257E45DC0014C59E /* StockTableMenuView.swift */ = {isa = PBXFileReference; lastKnownFileType = sourcecode.swift; path = StockTableMenuView.swift; sourceTree = "<group>"; };
		7891C65B257E539A0014C59E /* ProductInventoryModel.swift */ = {isa = PBXFileReference; lastKnownFileType = sourcecode.swift; path = ProductInventoryModel.swift; sourceTree = "<group>"; };
		78A33CB9257528B900C450D4 /* ProductOverviewView.swift */ = {isa = PBXFileReference; lastKnownFileType = sourcecode.swift; path = ProductOverviewView.swift; sourceTree = "<group>"; };
		78A33CC025752DC100C450D4 /* AmountFormatter.swift */ = {isa = PBXFileReference; lastKnownFileType = sourcecode.swift; path = AmountFormatter.swift; sourceTree = "<group>"; };
		78B67B7B2577DD8000EE6BBA /* ShoppingListActionModel.swift */ = {isa = PBXFileReference; lastKnownFileType = sourcecode.swift; path = ShoppingListActionModel.swift; sourceTree = "<group>"; };
		78CB7493255E9EF700319108 /* Grocy_SwiftUIApp.swift */ = {isa = PBXFileReference; lastKnownFileType = sourcecode.swift; path = Grocy_SwiftUIApp.swift; sourceTree = "<group>"; };
		78CB7494255E9EF700319108 /* ContentView.swift */ = {isa = PBXFileReference; lastKnownFileType = sourcecode.swift; path = ContentView.swift; sourceTree = "<group>"; };
		78CB7495255E9EF800319108 /* Assets.xcassets */ = {isa = PBXFileReference; lastKnownFileType = folder.assetcatalog; path = Assets.xcassets; sourceTree = "<group>"; };
		78CB749A255E9EF800319108 /* Grocy-SwiftUI.app */ = {isa = PBXFileReference; explicitFileType = wrapper.application; includeInIndex = 0; path = "Grocy-SwiftUI.app"; sourceTree = BUILT_PRODUCTS_DIR; };
		78CB749D255E9EF800319108 /* Info.plist */ = {isa = PBXFileReference; lastKnownFileType = text.plist.xml; path = Info.plist; sourceTree = "<group>"; };
		78CB74A2255E9EF800319108 /* Grocy-SwiftUI.app */ = {isa = PBXFileReference; explicitFileType = wrapper.application; includeInIndex = 0; path = "Grocy-SwiftUI.app"; sourceTree = BUILT_PRODUCTS_DIR; };
		78CB74A4255E9EF800319108 /* Info.plist */ = {isa = PBXFileReference; lastKnownFileType = text.plist.xml; path = Info.plist; sourceTree = "<group>"; };
		78CB74A5255E9EF800319108 /* macOS.entitlements */ = {isa = PBXFileReference; lastKnownFileType = text.plist.entitlements; path = macOS.entitlements; sourceTree = "<group>"; };
		78CB74AA255E9EF800319108 /* Tests iOS.xctest */ = {isa = PBXFileReference; explicitFileType = wrapper.cfbundle; includeInIndex = 0; path = "Tests iOS.xctest"; sourceTree = BUILT_PRODUCTS_DIR; };
		78CB74AE255E9EF800319108 /* Tests_iOS.swift */ = {isa = PBXFileReference; lastKnownFileType = sourcecode.swift; path = Tests_iOS.swift; sourceTree = "<group>"; };
		78CB74B0255E9EF800319108 /* Info.plist */ = {isa = PBXFileReference; lastKnownFileType = text.plist.xml; path = Info.plist; sourceTree = "<group>"; };
		78CB74B5255E9EF800319108 /* Tests macOS.xctest */ = {isa = PBXFileReference; explicitFileType = wrapper.cfbundle; includeInIndex = 0; path = "Tests macOS.xctest"; sourceTree = BUILT_PRODUCTS_DIR; };
		78CB74B9255E9EF800319108 /* Tests_macOS.swift */ = {isa = PBXFileReference; lastKnownFileType = sourcecode.swift; path = Tests_macOS.swift; sourceTree = "<group>"; };
		78CB74BB255E9EF800319108 /* Info.plist */ = {isa = PBXFileReference; lastKnownFileType = text.plist.xml; path = Info.plist; sourceTree = "<group>"; };
		78CB74D5255EA01600319108 /* AppSidebarNavigation.swift */ = {isa = PBXFileReference; fileEncoding = 4; lastKnownFileType = sourcecode.swift; path = AppSidebarNavigation.swift; sourceTree = "<group>"; };
		78CB74E0255EA04A00319108 /* AppTabNavigation.swift */ = {isa = PBXFileReference; lastKnownFileType = sourcecode.swift; path = AppTabNavigation.swift; sourceTree = "<group>"; };
		78CB7562255EA2D300319108 /* en */ = {isa = PBXFileReference; lastKnownFileType = text.plist.strings; name = en; path = en.lproj/Localizable.strings; sourceTree = "<group>"; };
		78CB7568255EA2D600319108 /* de */ = {isa = PBXFileReference; lastKnownFileType = text.plist.strings; name = de; path = de.lproj/Localizable.strings; sourceTree = "<group>"; };
		78CB756E255EA39200319108 /* GrocyModel.swift */ = {isa = PBXFileReference; lastKnownFileType = sourcecode.swift; path = GrocyModel.swift; sourceTree = "<group>"; };
		78CB7579255EA39900319108 /* GrocyAPI.swift */ = {isa = PBXFileReference; lastKnownFileType = sourcecode.swift; path = GrocyAPI.swift; sourceTree = "<group>"; };
		78CB7581255EA3D000319108 /* SystemInfoModel.swift */ = {isa = PBXFileReference; fileEncoding = 4; lastKnownFileType = sourcecode.swift; path = SystemInfoModel.swift; sourceTree = "<group>"; };
		78CB7582255EA3D000319108 /* SystemDBChangedTimeModel.swift */ = {isa = PBXFileReference; fileEncoding = 4; lastKnownFileType = sourcecode.swift; path = SystemDBChangedTimeModel.swift; sourceTree = "<group>"; };
		78CB7583255EA3D000319108 /* SystemConfigModel.swift */ = {isa = PBXFileReference; fileEncoding = 4; lastKnownFileType = sourcecode.swift; path = SystemConfigModel.swift; sourceTree = "<group>"; };
		78CB758E255EA53F00319108 /* Errors.swift */ = {isa = PBXFileReference; fileEncoding = 4; lastKnownFileType = sourcecode.swift; path = Errors.swift; sourceTree = "<group>"; };
		78CB7596255EA56D00319108 /* GrocyInfoView.swift */ = {isa = PBXFileReference; fileEncoding = 4; lastKnownFileType = sourcecode.swift; path = GrocyInfoView.swift; sourceTree = "<group>"; };
		78CB7597255EA56D00319108 /* AboutView.swift */ = {isa = PBXFileReference; fileEncoding = 4; lastKnownFileType = sourcecode.swift; path = AboutView.swift; sourceTree = "<group>"; };
		78CB7598255EA56D00319108 /* SettingsView.swift */ = {isa = PBXFileReference; fileEncoding = 4; lastKnownFileType = sourcecode.swift; path = SettingsView.swift; sourceTree = "<group>"; };
		78CB75A4255EA5A900319108 /* Localization.swift */ = {isa = PBXFileReference; fileEncoding = 4; lastKnownFileType = sourcecode.swift; path = Localization.swift; sourceTree = "<group>"; };
		78CB75A5255EA5A900319108 /* DateFormatter.swift */ = {isa = PBXFileReference; fileEncoding = 4; lastKnownFileType = sourcecode.swift; path = DateFormatter.swift; sourceTree = "<group>"; };
		78CB75AF255EAB1400319108 /* Animations.swift */ = {isa = PBXFileReference; lastKnownFileType = sourcecode.swift; path = Animations.swift; sourceTree = "<group>"; };
		78CB75BA255EAE0000319108 /* VisualEffectBlur.swift */ = {isa = PBXFileReference; lastKnownFileType = sourcecode.swift; path = VisualEffectBlur.swift; sourceTree = "<group>"; };
		78CB75C1255EAE2000319108 /* VisualEffectBlur.swift */ = {isa = PBXFileReference; lastKnownFileType = sourcecode.swift; path = VisualEffectBlur.swift; sourceTree = "<group>"; };
		78CB75F7255EB9A000319108 /* StockEntryModel.swift */ = {isa = PBXFileReference; fileEncoding = 4; lastKnownFileType = sourcecode.swift; path = StockEntryModel.swift; sourceTree = "<group>"; };
		78CB75F8255EB9A000319108 /* StockModel.swift */ = {isa = PBXFileReference; fileEncoding = 4; lastKnownFileType = sourcecode.swift; path = StockModel.swift; sourceTree = "<group>"; };
		78CB75F9255EB9A000319108 /* VolatileStockModel.swift */ = {isa = PBXFileReference; fileEncoding = 4; lastKnownFileType = sourcecode.swift; path = VolatileStockModel.swift; sourceTree = "<group>"; };
		78CB75FA255EB9A000319108 /* ProductConsumeModel.swift */ = {isa = PBXFileReference; fileEncoding = 4; lastKnownFileType = sourcecode.swift; path = ProductConsumeModel.swift; sourceTree = "<group>"; };
		78CB75FC255EB9A000319108 /* ProductOpenModel.swift */ = {isa = PBXFileReference; fileEncoding = 4; lastKnownFileType = sourcecode.swift; path = ProductOpenModel.swift; sourceTree = "<group>"; };
		78CB75FD255EB9A000319108 /* ProductBuyModel.swift */ = {isa = PBXFileReference; fileEncoding = 4; lastKnownFileType = sourcecode.swift; path = ProductBuyModel.swift; sourceTree = "<group>"; };
		78CB7611255EB9C500319108 /* MDLocationsModel.swift */ = {isa = PBXFileReference; fileEncoding = 4; lastKnownFileType = sourcecode.swift; path = MDLocationsModel.swift; sourceTree = "<group>"; };
		78CB7612255EB9C500319108 /* MDProductsModel.swift */ = {isa = PBXFileReference; fileEncoding = 4; lastKnownFileType = sourcecode.swift; path = MDProductsModel.swift; sourceTree = "<group>"; };
		78CB7613255EB9C500319108 /* MDQuantityUnitsModel.swift */ = {isa = PBXFileReference; fileEncoding = 4; lastKnownFileType = sourcecode.swift; path = MDQuantityUnitsModel.swift; sourceTree = "<group>"; };
		78CB7614255EB9C500319108 /* MDProductGroupsModel.swift */ = {isa = PBXFileReference; fileEncoding = 4; lastKnownFileType = sourcecode.swift; path = MDProductGroupsModel.swift; sourceTree = "<group>"; };
		78CB7615255EB9C500319108 /* MDShoppingLocationsModel.swift */ = {isa = PBXFileReference; fileEncoding = 4; lastKnownFileType = sourcecode.swift; path = MDShoppingLocationsModel.swift; sourceTree = "<group>"; };
		78CB7629255EBA3F00319108 /* StockFilterActionsView.swift */ = {isa = PBXFileReference; fileEncoding = 4; lastKnownFileType = sourcecode.swift; path = StockFilterActionsView.swift; sourceTree = "<group>"; };
		78CB762A255EBA3F00319108 /* StockTableRow.swift */ = {isa = PBXFileReference; fileEncoding = 4; lastKnownFileType = sourcecode.swift; path = StockTableRow.swift; sourceTree = "<group>"; };
		78CB762C255EBA3F00319108 /* StockView.swift */ = {isa = PBXFileReference; fileEncoding = 4; lastKnownFileType = sourcecode.swift; path = StockView.swift; sourceTree = "<group>"; };
		78CB762D255EBA3F00319108 /* ProductStatus.swift */ = {isa = PBXFileReference; fileEncoding = 4; lastKnownFileType = sourcecode.swift; path = ProductStatus.swift; sourceTree = "<group>"; };
		78CB7643255EBA6C00319108 /* Colors.swift */ = {isa = PBXFileReference; lastKnownFileType = sourcecode.swift; path = Colors.swift; sourceTree = "<group>"; };
		78CB764B255EBB0400319108 /* SearchBar.swift */ = {isa = PBXFileReference; fileEncoding = 4; lastKnownFileType = sourcecode.swift; path = SearchBar.swift; sourceTree = "<group>"; };
		78CB7656255EC0B500319108 /* StockFilterBarView.swift */ = {isa = PBXFileReference; lastKnownFileType = sourcecode.swift; path = StockFilterBarView.swift; sourceTree = "<group>"; };
		78D0F4C22571228B00E1B732 /* ShoppingListFilterActionView.swift */ = {isa = PBXFileReference; lastKnownFileType = sourcecode.swift; path = ShoppingListFilterActionView.swift; sourceTree = "<group>"; };
		78D0F4C9257122B100E1B732 /* ShoppingListActionView.swift */ = {isa = PBXFileReference; lastKnownFileType = sourcecode.swift; path = ShoppingListActionView.swift; sourceTree = "<group>"; };
		78D0F4D4257122DA00E1B732 /* ShoppingListFilterView.swift */ = {isa = PBXFileReference; lastKnownFileType = sourcecode.swift; path = ShoppingListFilterView.swift; sourceTree = "<group>"; };
		78D0F4DB2571238600E1B732 /* ShoppingListStatus.swift */ = {isa = PBXFileReference; lastKnownFileType = sourcecode.swift; path = ShoppingListStatus.swift; sourceTree = "<group>"; };
		78D98F6E2577AFC800199688 /* ShoppingListEntryFormView.swift */ = {isa = PBXFileReference; lastKnownFileType = sourcecode.swift; path = ShoppingListEntryFormView.swift; sourceTree = "<group>"; };
		78D98F752577B93000199688 /* ShoppingListAddProduct.swift */ = {isa = PBXFileReference; lastKnownFileType = sourcecode.swift; path = ShoppingListAddProduct.swift; sourceTree = "<group>"; };
		78EB13AD255F09E40055A0A8 /* SearchToolbarItem.swift */ = {isa = PBXFileReference; lastKnownFileType = sourcecode.swift; path = SearchToolbarItem.swift; sourceTree = "<group>"; };
		78F1FABF255EE6AC007D2E8B /* StockTableConfigView.swift */ = {isa = PBXFileReference; lastKnownFileType = sourcecode.swift; path = StockTableConfigView.swift; sourceTree = "<group>"; };
		78F1FAC6255EEDD1007D2E8B /* StockTable.swift */ = {isa = PBXFileReference; lastKnownFileType = sourcecode.swift; path = StockTable.swift; sourceTree = "<group>"; };
		78F1FADA255EFE73007D2E8B /* MDLocationsView.swift */ = {isa = PBXFileReference; fileEncoding = 4; lastKnownFileType = sourcecode.swift; path = MDLocationsView.swift; sourceTree = "<group>"; };
		78F1FAF6255F0347007D2E8B /* ToolbarSearch.swift */ = {isa = PBXFileReference; lastKnownFileType = sourcecode.swift; path = ToolbarSearch.swift; sourceTree = "<group>"; };
		78F1FAFD255F06F9007D2E8B /* MasterDataView.swift */ = {isa = PBXFileReference; lastKnownFileType = sourcecode.swift; path = MasterDataView.swift; sourceTree = "<group>"; };
		78FA6A932567D40500941460 /* StockJournalModel.swift */ = {isa = PBXFileReference; lastKnownFileType = sourcecode.swift; path = StockJournalModel.swift; sourceTree = "<group>"; };
		78FA6A9A2567D4E000941460 /* TransactionType.swift */ = {isa = PBXFileReference; lastKnownFileType = sourcecode.swift; path = TransactionType.swift; sourceTree = "<group>"; };
		78FD0676257649D8006E4946 /* ProductDetailsObject.swift */ = {isa = PBXFileReference; lastKnownFileType = sourcecode.swift; path = ProductDetailsObject.swift; sourceTree = "<group>"; };
/* End PBXFileReference section */

/* Begin PBXFrameworksBuildPhase section */
		78CB7497255E9EF800319108 /* Frameworks */ = {
			isa = PBXFrameworksBuildPhase;
			buildActionMask = 2147483647;
			files = (
			);
			runOnlyForDeploymentPostprocessing = 0;
		};
		78CB749F255E9EF800319108 /* Frameworks */ = {
			isa = PBXFrameworksBuildPhase;
			buildActionMask = 2147483647;
			files = (
			);
			runOnlyForDeploymentPostprocessing = 0;
		};
		78CB74A7255E9EF800319108 /* Frameworks */ = {
			isa = PBXFrameworksBuildPhase;
			buildActionMask = 2147483647;
			files = (
			);
			runOnlyForDeploymentPostprocessing = 0;
		};
		78CB74B2255E9EF800319108 /* Frameworks */ = {
			isa = PBXFrameworksBuildPhase;
			buildActionMask = 2147483647;
			files = (
			);
			runOnlyForDeploymentPostprocessing = 0;
		};
/* End PBXFrameworksBuildPhase section */

/* Begin PBXGroup section */
		78262701256E839100ECED03 /* ProductDetails */ = {
			isa = PBXGroup;
			children = (
				782626EF256E824C00ECED03 /* StockProductDetailsModel.swift */,
				78262706256E83A900ECED03 /* StockLocationModel.swift */,
				78CB75F7255EB9A000319108 /* StockEntryModel.swift */,
				7826270D256E847F00ECED03 /* StockProductPriceHistory.swift */,
			);
			path = ProductDetails;
			sourceTree = "<group>";
		};
		78262714256E883300ECED03 /* Transaction */ = {
			isa = PBXGroup;
			children = (
				78FA6A9A2567D4E000941460 /* TransactionType.swift */,
				78CB75FD255EB9A000319108 /* ProductBuyModel.swift */,
				78CB75FA255EB9A000319108 /* ProductConsumeModel.swift */,
				78CB75FC255EB9A000319108 /* ProductOpenModel.swift */,
				7826271D256E884F00ECED03 /* ProductTransferModel.swift */,
				7891C65B257E539A0014C59E /* ProductInventoryModel.swift */,
			);
			path = Transaction;
			sourceTree = "<group>";
		};
		78262728256E8FFF00ECED03 /* ShoppingList */ = {
			isa = PBXGroup;
			children = (
				7880F0F0256FB4CB00FB8431 /* ShoppingListView.swift */,
				7880F10A256FC4F100FB8431 /* ShoppingListRowView.swift */,
				7891C64D257E43460014C59E /* ShoppingListRowActionsView.swift */,
				78D0F4C22571228B00E1B732 /* ShoppingListFilterActionView.swift */,
				78D0F4C9257122B100E1B732 /* ShoppingListActionView.swift */,
				78D0F4D4257122DA00E1B732 /* ShoppingListFilterView.swift */,
				7880F111256FC92800FB8431 /* ShoppingListFormView.swift */,
				78D98F6E2577AFC800199688 /* ShoppingListEntryFormView.swift */,
			);
			path = ShoppingList;
			sourceTree = "<group>";
		};
		783F4F9A25629C6A00CD52B7 /* MDForms */ = {
			isa = PBXGroup;
			children = (
				781A25AD2566952A00560026 /* MDProductFormView.swift */,
				781DD5C62579028800A30ECA /* MDBarcodesView.swift */,
				781DD5B42578F74B00A30ECA /* MDBarcodeFormView.swift */,
				783F4FAD25629E0400CD52B7 /* MDLocationFormView.swift */,
				786F6E8A2563FFA7004D8DE0 /* MDShoppingLocationFormView.swift */,
				786F6EBF25640562004D8DE0 /* MDQuantityUnitFormView.swift */,
				781A25A2256690C200560026 /* MDProductGroupFormView.swift */,
			);
			path = MDForms;
			sourceTree = "<group>";
		};
		7848A0CB256BD257004EAF18 /* Admin */ = {
			isa = PBXGroup;
			children = (
				7848A0CC256BD2C3004EAF18 /* UserManagementView.swift */,
				7851205F256FE94600171390 /* UserRowView.swift */,
				78512066256FF0E400171390 /* UserFormView.swift */,
			);
			path = Admin;
			sourceTree = "<group>";
		};
		7880F0F7256FB62D00FB8431 /* ShoppingList */ = {
			isa = PBXGroup;
			children = (
				7880F0F8256FB63800FB8431 /* ShoppingListModel.swift */,
				7880F103256FB6E400FB8431 /* ShoppingListDescriptionModel.swift */,
				78D0F4DB2571238600E1B732 /* ShoppingListStatus.swift */,
				78D98F752577B93000199688 /* ShoppingListAddProduct.swift */,
				78B67B7B2577DD8000EE6BBA /* ShoppingListActionModel.swift */,
			);
			path = ShoppingList;
			sourceTree = "<group>";
		};
		7885B8AD2567F065003439F5 /* User */ = {
			isa = PBXGroup;
			children = (
				7885B8AE2567F08F003439F5 /* GrocyUserModel.swift */,
			);
			path = User;
			sourceTree = "<group>";
		};
		7885B8B92567F70E003439F5 /* StockInteraction */ = {
			isa = PBXGroup;
			children = (
				7885B8BA2567F723003439F5 /* PurchaseProductView.swift */,
				7848A0DA256BE3D5004EAF18 /* ConsumeProductView.swift */,
				7848A0E1256BE3E3004EAF18 /* TransferProductView.swift */,
				7848A0E8256BE3EF004EAF18 /* InventoryProductView.swift */,
			);
			path = StockInteraction;
			sourceTree = "<group>";
		};
		78A33CB8257528AB00C450D4 /* Details */ = {
			isa = PBXGroup;
			children = (
				78A33CB9257528B900C450D4 /* ProductOverviewView.swift */,
				78FD0676257649D8006E4946 /* ProductDetailsObject.swift */,
			);
			path = Details;
			sourceTree = "<group>";
		};
		78CB748D255E9EF600319108 = {
			isa = PBXGroup;
			children = (
				78CB7492255E9EF700319108 /* Shared */,
				78CB749C255E9EF800319108 /* iOS */,
				78CB74A3255E9EF800319108 /* macOS */,
				78CB74AD255E9EF800319108 /* Tests iOS */,
				78CB74B8255E9EF800319108 /* Tests macOS */,
				78CB749B255E9EF800319108 /* Products */,
			);
			sourceTree = "<group>";
		};
		78CB7492255E9EF700319108 /* Shared */ = {
			isa = PBXGroup;
			children = (
				78CB7493255E9EF700319108 /* Grocy_SwiftUIApp.swift */,
				78CB75AE255EAB0A00319108 /* Styles */,
				78CB7563255EA2D300319108 /* Localizable.strings */,
				78CB75A3255EA59900319108 /* Helper */,
				78CB756D255EA38500319108 /* Model */,
				78CB74E6255EA12700319108 /* Views */,
				7848A0CB256BD257004EAF18 /* Admin */,
				78CB7495255E9EF800319108 /* Assets.xcassets */,
			);
			path = Shared;
			sourceTree = "<group>";
		};
		78CB749B255E9EF800319108 /* Products */ = {
			isa = PBXGroup;
			children = (
				78CB749A255E9EF800319108 /* Grocy-SwiftUI.app */,
				78CB74A2255E9EF800319108 /* Grocy-SwiftUI.app */,
				78CB74AA255E9EF800319108 /* Tests iOS.xctest */,
				78CB74B5255E9EF800319108 /* Tests macOS.xctest */,
			);
			name = Products;
			sourceTree = "<group>";
		};
		78CB749C255E9EF800319108 /* iOS */ = {
			isa = PBXGroup;
			children = (
				78CB749D255E9EF800319108 /* Info.plist */,
				78CB74E0255EA04A00319108 /* AppTabNavigation.swift */,
				78F1FAFD255F06F9007D2E8B /* MasterDataView.swift */,
				78CB75C1255EAE2000319108 /* VisualEffectBlur.swift */,
			);
			path = iOS;
			sourceTree = "<group>";
		};
		78CB74A3255E9EF800319108 /* macOS */ = {
			isa = PBXGroup;
			children = (
				78CB74A4255E9EF800319108 /* Info.plist */,
				78CB74A5255E9EF800319108 /* macOS.entitlements */,
				78CB75BA255EAE0000319108 /* VisualEffectBlur.swift */,
				78EB13AD255F09E40055A0A8 /* SearchToolbarItem.swift */,
				788EFFEB255F10970076FE0F /* NSTableView.swift */,
			);
			path = macOS;
			sourceTree = "<group>";
		};
		78CB74AD255E9EF800319108 /* Tests iOS */ = {
			isa = PBXGroup;
			children = (
				78CB74AE255E9EF800319108 /* Tests_iOS.swift */,
				78CB74B0255E9EF800319108 /* Info.plist */,
			);
			path = "Tests iOS";
			sourceTree = "<group>";
		};
		78CB74B8255E9EF800319108 /* Tests macOS */ = {
			isa = PBXGroup;
			children = (
				78CB74B9255E9EF800319108 /* Tests_macOS.swift */,
				78CB74BB255E9EF800319108 /* Info.plist */,
			);
			path = "Tests macOS";
			sourceTree = "<group>";
		};
		78CB74D4255E9FCD00319108 /* Navigation */ = {
			isa = PBXGroup;
			children = (
				78CB7494255E9EF700319108 /* ContentView.swift */,
				78CB74D5255EA01600319108 /* AppSidebarNavigation.swift */,
				781A25552566838C00560026 /* AppCommands.swift */,
			);
			path = Navigation;
			sourceTree = "<group>";
		};
		78CB74E6255EA12700319108 /* Views */ = {
			isa = PBXGroup;
			children = (
				78CB74D4255E9FCD00319108 /* Navigation */,
				78A33CB8257528AB00C450D4 /* Details */,
				78CB764A255EBAEC00319108 /* Components */,
				78CB7628255EBA2600319108 /* Stock */,
				78262728256E8FFF00ECED03 /* ShoppingList */,
				78F1FAD5255EFCEC007D2E8B /* MasterData */,
				78CB7595255EA55B00319108 /* Settings */,
			);
			path = Views;
			sourceTree = "<group>";
		};
		78CB756D255EA38500319108 /* Model */ = {
			isa = PBXGroup;
			children = (
				78CB7579255EA39900319108 /* GrocyAPI.swift */,
				78CB756E255EA39200319108 /* GrocyModel.swift */,
				7880F0F7256FB62D00FB8431 /* ShoppingList */,
				78CB75F6255EB99400319108 /* Stock */,
				78CB7610255EB9B800319108 /* MasterData */,
				78CB758E255EA53F00319108 /* Errors.swift */,
				7885B8A62567ED14003439F5 /* SharedModel.swift */,
				78CB7580255EA3C100319108 /* System */,
				7885B8AD2567F065003439F5 /* User */,
			);
			path = Model;
			sourceTree = "<group>";
		};
		78CB7580255EA3C100319108 /* System */ = {
			isa = PBXGroup;
			children = (
				78CB7583255EA3D000319108 /* SystemConfigModel.swift */,
				78CB7582255EA3D000319108 /* SystemDBChangedTimeModel.swift */,
				78CB7581255EA3D000319108 /* SystemInfoModel.swift */,
			);
			path = System;
			sourceTree = "<group>";
		};
		78CB7595255EA55B00319108 /* Settings */ = {
			isa = PBXGroup;
			children = (
				78CB7597255EA56D00319108 /* AboutView.swift */,
				78CB7596255EA56D00319108 /* GrocyInfoView.swift */,
				78CB7598255EA56D00319108 /* SettingsView.swift */,
			);
			path = Settings;
			sourceTree = "<group>";
		};
		78CB75A3255EA59900319108 /* Helper */ = {
			isa = PBXGroup;
			children = (
				78CB75A5255EA5A900319108 /* DateFormatter.swift */,
				78CB75A4255EA5A900319108 /* Localization.swift */,
				7848A0D3256BDB26004EAF18 /* TransactionTypeFormatter.swift */,
				78A33CC025752DC100C450D4 /* AmountFormatter.swift */,
			);
			path = Helper;
			sourceTree = "<group>";
		};
		78CB75AE255EAB0A00319108 /* Styles */ = {
			isa = PBXGroup;
			children = (
				78CB75AF255EAB1400319108 /* Animations.swift */,
				78CB7643255EBA6C00319108 /* Colors.swift */,
			);
			path = Styles;
			sourceTree = "<group>";
		};
		78CB75F6255EB99400319108 /* Stock */ = {
			isa = PBXGroup;
			children = (
				78262714256E883300ECED03 /* Transaction */,
				78FA6A932567D40500941460 /* StockJournalModel.swift */,
				78CB75F8255EB9A000319108 /* StockModel.swift */,
				78CB75F9255EB9A000319108 /* VolatileStockModel.swift */,
				78CB762D255EBA3F00319108 /* ProductStatus.swift */,
				78262701256E839100ECED03 /* ProductDetails */,
			);
			path = Stock;
			sourceTree = "<group>";
		};
		78CB7610255EB9B800319108 /* MasterData */ = {
			isa = PBXGroup;
			children = (
				78CB7612255EB9C500319108 /* MDProductsModel.swift */,
				78CB7611255EB9C500319108 /* MDLocationsModel.swift */,
				78CB7614255EB9C500319108 /* MDProductGroupsModel.swift */,
				78CB7613255EB9C500319108 /* MDQuantityUnitsModel.swift */,
				78CB7615255EB9C500319108 /* MDShoppingLocationsModel.swift */,
				782626F6256E82EF00ECED03 /* MDProductBarcodeModel.swift */,
			);
			path = MasterData;
			sourceTree = "<group>";
		};
		78CB7628255EBA2600319108 /* Stock */ = {
			isa = PBXGroup;
			children = (
				7885B8B92567F70E003439F5 /* StockInteraction */,
				78CB762C255EBA3F00319108 /* StockView.swift */,
				78CB7629255EBA3F00319108 /* StockFilterActionsView.swift */,
				78CB7656255EC0B500319108 /* StockFilterBarView.swift */,
				78F1FAC6255EEDD1007D2E8B /* StockTable.swift */,
				78CB762A255EBA3F00319108 /* StockTableRow.swift */,
				7891C63F257E33430014C59E /* StockTableRowActionsView.swift */,
				7891C654257E45DC0014C59E /* StockTableMenuView.swift */,
				78F1FABF255EE6AC007D2E8B /* StockTableConfigView.swift */,
				7885B8972567E4C0003439F5 /* StockJournalView.swift */,
			);
			path = Stock;
			sourceTree = "<group>";
		};
		78CB764A255EBAEC00319108 /* Components */ = {
			isa = PBXGroup;
			children = (
				78CB764B255EBB0400319108 /* SearchBar.swift */,
				78F1FAF6255F0347007D2E8B /* ToolbarSearch.swift */,
				78396E8B25629FE600B9878F /* MyTextField.swift */,
				781A25BC2566B5AF00560026 /* MyIntStepper.swift */,
				781A25C72566B84600560026 /* MyDoubleStepper.swift */,
				781A25D22566BB9100560026 /* MyToggle.swift */,
				7891C646257E3BDD0014C59E /* RowInteractionButton.swift */,
			);
			path = Components;
			sourceTree = "<group>";
		};
		78F1FAD5255EFCEC007D2E8B /* MasterData */ = {
			isa = PBXGroup;
			children = (
				783F4F9A25629C6A00CD52B7 /* MDForms */,
				786F6E9125640332004D8DE0 /* MDProductsView.swift */,
				78F1FADA255EFE73007D2E8B /* MDLocationsView.swift */,
				786F6E832563FDC7004D8DE0 /* MDShoppingLocationsView.swift */,
				786F6EAA25640372004D8DE0 /* MDQuantityUnitsView.swift */,
				786F6E982564034F004D8DE0 /* MDProductGroupsView.swift */,
				786F6EA32564035C004D8DE0 /* MDChoresView.swift */,
				786F6EB125640383004D8DE0 /* MDBatteriesView.swift */,
				786F6EB825640396004D8DE0 /* MDTaskCategoriesView.swift */,
			);
			path = MasterData;
			sourceTree = "<group>";
		};
/* End PBXGroup section */

/* Begin PBXNativeTarget section */
		78CB7499255E9EF800319108 /* Grocy-SwiftUI (iOS) */ = {
			isa = PBXNativeTarget;
			buildConfigurationList = 78CB74C4255E9EF800319108 /* Build configuration list for PBXNativeTarget "Grocy-SwiftUI (iOS)" */;
			buildPhases = (
				78CB7496255E9EF800319108 /* Sources */,
				78CB7497255E9EF800319108 /* Frameworks */,
				78CB7498255E9EF800319108 /* Resources */,
			);
			buildRules = (
			);
			dependencies = (
			);
			name = "Grocy-SwiftUI (iOS)";
			productName = "Grocy-SwiftUI (iOS)";
			productReference = 78CB749A255E9EF800319108 /* Grocy-SwiftUI.app */;
			productType = "com.apple.product-type.application";
		};
		78CB74A1255E9EF800319108 /* Grocy-SwiftUI (macOS) */ = {
			isa = PBXNativeTarget;
			buildConfigurationList = 78CB74C7255E9EF800319108 /* Build configuration list for PBXNativeTarget "Grocy-SwiftUI (macOS)" */;
			buildPhases = (
				78CB749E255E9EF800319108 /* Sources */,
				78CB749F255E9EF800319108 /* Frameworks */,
				78CB74A0255E9EF800319108 /* Resources */,
			);
			buildRules = (
			);
			dependencies = (
			);
			name = "Grocy-SwiftUI (macOS)";
			packageProductDependencies = (
			);
			productName = "Grocy-SwiftUI (macOS)";
			productReference = 78CB74A2255E9EF800319108 /* Grocy-SwiftUI.app */;
			productType = "com.apple.product-type.application";
		};
		78CB74A9255E9EF800319108 /* Tests iOS */ = {
			isa = PBXNativeTarget;
			buildConfigurationList = 78CB74CA255E9EF800319108 /* Build configuration list for PBXNativeTarget "Tests iOS" */;
			buildPhases = (
				78CB74A6255E9EF800319108 /* Sources */,
				78CB74A7255E9EF800319108 /* Frameworks */,
				78CB74A8255E9EF800319108 /* Resources */,
			);
			buildRules = (
			);
			dependencies = (
				78CB74AC255E9EF800319108 /* PBXTargetDependency */,
			);
			name = "Tests iOS";
			productName = "Tests iOS";
			productReference = 78CB74AA255E9EF800319108 /* Tests iOS.xctest */;
			productType = "com.apple.product-type.bundle.ui-testing";
		};
		78CB74B4255E9EF800319108 /* Tests macOS */ = {
			isa = PBXNativeTarget;
			buildConfigurationList = 78CB74CD255E9EF800319108 /* Build configuration list for PBXNativeTarget "Tests macOS" */;
			buildPhases = (
				78CB74B1255E9EF800319108 /* Sources */,
				78CB74B2255E9EF800319108 /* Frameworks */,
				78CB74B3255E9EF800319108 /* Resources */,
			);
			buildRules = (
			);
			dependencies = (
				78CB74B7255E9EF800319108 /* PBXTargetDependency */,
			);
			name = "Tests macOS";
			productName = "Tests macOS";
			productReference = 78CB74B5255E9EF800319108 /* Tests macOS.xctest */;
			productType = "com.apple.product-type.bundle.ui-testing";
		};
/* End PBXNativeTarget section */

/* Begin PBXProject section */
		78CB748E255E9EF600319108 /* Project object */ = {
			isa = PBXProject;
			attributes = {
				LastSwiftUpdateCheck = 1220;
				LastUpgradeCheck = 1220;
				TargetAttributes = {
					78CB7499255E9EF800319108 = {
						CreatedOnToolsVersion = 12.2;
					};
					78CB74A1255E9EF800319108 = {
						CreatedOnToolsVersion = 12.2;
					};
					78CB74A9255E9EF800319108 = {
						CreatedOnToolsVersion = 12.2;
						TestTargetID = 78CB7499255E9EF800319108;
					};
					78CB74B4255E9EF800319108 = {
						CreatedOnToolsVersion = 12.2;
						TestTargetID = 78CB74A1255E9EF800319108;
					};
				};
			};
			buildConfigurationList = 78CB7491255E9EF600319108 /* Build configuration list for PBXProject "Grocy-SwiftUI" */;
			compatibilityVersion = "Xcode 9.3";
			developmentRegion = en;
			hasScannedForEncodings = 0;
			knownRegions = (
				en,
				Base,
				de,
			);
			mainGroup = 78CB748D255E9EF600319108;
			packageReferences = (
			);
			productRefGroup = 78CB749B255E9EF800319108 /* Products */;
			projectDirPath = "";
			projectRoot = "";
			targets = (
				78CB7499255E9EF800319108 /* Grocy-SwiftUI (iOS) */,
				78CB74A1255E9EF800319108 /* Grocy-SwiftUI (macOS) */,
				78CB74A9255E9EF800319108 /* Tests iOS */,
				78CB74B4255E9EF800319108 /* Tests macOS */,
			);
		};
/* End PBXProject section */

/* Begin PBXResourcesBuildPhase section */
		78CB7498255E9EF800319108 /* Resources */ = {
			isa = PBXResourcesBuildPhase;
			buildActionMask = 2147483647;
			files = (
				78CB74C0255E9EF800319108 /* Assets.xcassets in Resources */,
				78CB7560255EA2D300319108 /* Localizable.strings in Resources */,
			);
			runOnlyForDeploymentPostprocessing = 0;
		};
		78CB74A0255E9EF800319108 /* Resources */ = {
			isa = PBXResourcesBuildPhase;
			buildActionMask = 2147483647;
			files = (
				78CB74C1255E9EF800319108 /* Assets.xcassets in Resources */,
				78CB7561255EA2D300319108 /* Localizable.strings in Resources */,
			);
			runOnlyForDeploymentPostprocessing = 0;
		};
		78CB74A8255E9EF800319108 /* Resources */ = {
			isa = PBXResourcesBuildPhase;
			buildActionMask = 2147483647;
			files = (
			);
			runOnlyForDeploymentPostprocessing = 0;
		};
		78CB74B3255E9EF800319108 /* Resources */ = {
			isa = PBXResourcesBuildPhase;
			buildActionMask = 2147483647;
			files = (
			);
			runOnlyForDeploymentPostprocessing = 0;
		};
/* End PBXResourcesBuildPhase section */

/* Begin PBXSourcesBuildPhase section */
		78CB7496255E9EF800319108 /* Sources */ = {
			isa = PBXSourcesBuildPhase;
			buildActionMask = 2147483647;
			files = (
				78CB7631255EBA3F00319108 /* StockTableRow.swift in Sources */,
				78CB761C255EB9C600319108 /* MDProductGroupsModel.swift in Sources */,
				78262707256E83A900ECED03 /* StockLocationModel.swift in Sources */,
				786F6EB225640383004D8DE0 /* MDBatteriesView.swift in Sources */,
				781DD5B52578F74B00A30ECA /* MDBarcodeFormView.swift in Sources */,
				78CB7604255EB9A000319108 /* ProductConsumeModel.swift in Sources */,
				78CB7608255EB9A000319108 /* ProductOpenModel.swift in Sources */,
				78D0F4D5257122DA00E1B732 /* ShoppingListFilterView.swift in Sources */,
				7880F0F1256FB4CB00FB8431 /* ShoppingListView.swift in Sources */,
				78F1FAFE255F06F9007D2E8B /* MasterDataView.swift in Sources */,
				78B67B7C2577DD8000EE6BBA /* ShoppingListActionModel.swift in Sources */,
				78CB760A255EB9A000319108 /* ProductBuyModel.swift in Sources */,
				78CB764C255EBB0400319108 /* SearchBar.swift in Sources */,
				78A33CBA257528B900C450D4 /* ProductOverviewView.swift in Sources */,
				78512060256FE94600171390 /* UserRowView.swift in Sources */,
				7880F104256FB6E400FB8431 /* ShoppingListDescriptionModel.swift in Sources */,
				7885B8A72567ED14003439F5 /* SharedModel.swift in Sources */,
				78CB761A255EB9C600319108 /* MDQuantityUnitsModel.swift in Sources */,
				78D0F4DC2571238600E1B732 /* ShoppingListStatus.swift in Sources */,
				7891C647257E3BDD0014C59E /* RowInteractionButton.swift in Sources */,
				786F6E8B2563FFA7004D8DE0 /* MDShoppingLocationFormView.swift in Sources */,
				786F6EA42564035C004D8DE0 /* MDChoresView.swift in Sources */,
				78FA6A9B2567D4E000941460 /* TransactionType.swift in Sources */,
				78CB7635255EBA3F00319108 /* StockView.swift in Sources */,
				78F1FAF7255F0347007D2E8B /* ToolbarSearch.swift in Sources */,
				786F6E9225640332004D8DE0 /* MDProductsView.swift in Sources */,
				78CB74D6255EA01600319108 /* AppSidebarNavigation.swift in Sources */,
				78CB7657255EC0B500319108 /* StockFilterBarView.swift in Sources */,
				78CB7584255EA3D000319108 /* SystemInfoModel.swift in Sources */,
				78CB762F255EBA3F00319108 /* StockFilterActionsView.swift in Sources */,
				78D98F6F2577AFC800199688 /* ShoppingListEntryFormView.swift in Sources */,
				78CB75A6255EA5A900319108 /* Localization.swift in Sources */,
				781A25A3256690C200560026 /* MDProductGroupFormView.swift in Sources */,
				78CB7588255EA3D000319108 /* SystemConfigModel.swift in Sources */,
				78396E8C25629FE600B9878F /* MyTextField.swift in Sources */,
				78512067256FF0E400171390 /* UserFormView.swift in Sources */,
				78F1FADB255EFE73007D2E8B /* MDLocationsView.swift in Sources */,
				7848A0E2256BE3E3004EAF18 /* TransferProductView.swift in Sources */,
				781A25AE2566952A00560026 /* MDProductFormView.swift in Sources */,
				78F1FAC0255EE6AC007D2E8B /* StockTableConfigView.swift in Sources */,
				78CB74E1255EA04A00319108 /* AppTabNavigation.swift in Sources */,
				782626F7256E82EF00ECED03 /* MDProductBarcodeModel.swift in Sources */,
				782626F0256E824C00ECED03 /* StockProductDetailsModel.swift in Sources */,
				786F6EAB25640372004D8DE0 /* MDQuantityUnitsView.swift in Sources */,
				78CB759B255EA56D00319108 /* AboutView.swift in Sources */,
				78CB7637255EBA3F00319108 /* ProductStatus.swift in Sources */,
				7826270E256E847F00ECED03 /* StockProductPriceHistory.swift in Sources */,
				786F6E992564034F004D8DE0 /* MDProductGroupsView.swift in Sources */,
				78D98F762577B93000199688 /* ShoppingListAddProduct.swift in Sources */,
				7885B8BB2567F723003439F5 /* PurchaseProductView.swift in Sources */,
				78CB756F255EA39200319108 /* GrocyModel.swift in Sources */,
				78CB7618255EB9C600319108 /* MDProductsModel.swift in Sources */,
				78F1FAC7255EEDD1007D2E8B /* StockTable.swift in Sources */,
				7880F10B256FC4F100FB8431 /* ShoppingListRowView.swift in Sources */,
				78CB7599255EA56D00319108 /* GrocyInfoView.swift in Sources */,
				78CB7602255EB9A000319108 /* VolatileStockModel.swift in Sources */,
				78FD0677257649D8006E4946 /* ProductDetailsObject.swift in Sources */,
				7891C655257E45DC0014C59E /* StockTableMenuView.swift in Sources */,
				78D0F4C32571228B00E1B732 /* ShoppingListFilterActionView.swift in Sources */,
				78CB7600255EB9A000319108 /* StockModel.swift in Sources */,
				7848A0DB256BE3D5004EAF18 /* ConsumeProductView.swift in Sources */,
				783F4FAE25629E0400CD52B7 /* MDLocationFormView.swift in Sources */,
				781DD5C72579028800A30ECA /* MDBarcodesView.swift in Sources */,
				78CB74BE255E9EF800319108 /* ContentView.swift in Sources */,
				78CB75A8255EA5A900319108 /* DateFormatter.swift in Sources */,
				7848A0CD256BD2C3004EAF18 /* UserManagementView.swift in Sources */,
				781A25BD2566B5AF00560026 /* MyIntStepper.swift in Sources */,
				7880F112256FC92800FB8431 /* ShoppingListFormView.swift in Sources */,
				78CB758F255EA53F00319108 /* Errors.swift in Sources */,
				786F6E842563FDC7004D8DE0 /* MDShoppingLocationsView.swift in Sources */,
				78CB74BC255E9EF800319108 /* Grocy_SwiftUIApp.swift in Sources */,
				78CB7586255EA3D000319108 /* SystemDBChangedTimeModel.swift in Sources */,
				78FA6A942567D40500941460 /* StockJournalModel.swift in Sources */,
				7848A0E9256BE3EF004EAF18 /* InventoryProductView.swift in Sources */,
				7826271E256E884F00ECED03 /* ProductTransferModel.swift in Sources */,
				7891C64E257E43460014C59E /* ShoppingListRowActionsView.swift in Sources */,
				78CB757A255EA39900319108 /* GrocyAPI.swift in Sources */,
				78CB75C2255EAE2000319108 /* VisualEffectBlur.swift in Sources */,
				7848A0D4256BDB26004EAF18 /* TransactionTypeFormatter.swift in Sources */,
				786F6EC025640562004D8DE0 /* MDQuantityUnitFormView.swift in Sources */,
				78CB75FE255EB9A000319108 /* StockEntryModel.swift in Sources */,
				78A33CC125752DC100C450D4 /* AmountFormatter.swift in Sources */,
				7885B8982567E4C0003439F5 /* StockJournalView.swift in Sources */,
				786F6EB925640396004D8DE0 /* MDTaskCategoriesView.swift in Sources */,
				7891C640257E33430014C59E /* StockTableRowActionsView.swift in Sources */,
				78CB75B0255EAB1400319108 /* Animations.swift in Sources */,
				7891C65C257E539A0014C59E /* ProductInventoryModel.swift in Sources */,
				781A25D32566BB9100560026 /* MyToggle.swift in Sources */,
				7880F0F9256FB63800FB8431 /* ShoppingListModel.swift in Sources */,
				78CB7644255EBA6C00319108 /* Colors.swift in Sources */,
				78CB759D255EA56D00319108 /* SettingsView.swift in Sources */,
				78CB7616255EB9C600319108 /* MDLocationsModel.swift in Sources */,
				7885B8AF2567F08F003439F5 /* GrocyUserModel.swift in Sources */,
				78D0F4CA257122B100E1B732 /* ShoppingListActionView.swift in Sources */,
				781A25C82566B84600560026 /* MyDoubleStepper.swift in Sources */,
				78CB761E255EB9C600319108 /* MDShoppingLocationsModel.swift in Sources */,
			);
			runOnlyForDeploymentPostprocessing = 0;
		};
		78CB749E255E9EF800319108 /* Sources */ = {
			isa = PBXSourcesBuildPhase;
			buildActionMask = 2147483647;
			files = (
				78CB7585255EA3D000319108 /* SystemInfoModel.swift in Sources */,
				78CB759A255EA56D00319108 /* GrocyInfoView.swift in Sources */,
				7880F105256FB6E400FB8431 /* ShoppingListDescriptionModel.swift in Sources */,
				78FD0678257649D8006E4946 /* ProductDetailsObject.swift in Sources */,
				78512061256FE94600171390 /* UserRowView.swift in Sources */,
				786F6EB325640383004D8DE0 /* MDBatteriesView.swift in Sources */,
				78CB7601255EB9A000319108 /* StockModel.swift in Sources */,
				78CB7645255EBA6C00319108 /* Colors.swift in Sources */,
				7848A0D5256BDB26004EAF18 /* TransactionTypeFormatter.swift in Sources */,
				78A33CBB257528B900C450D4 /* ProductOverviewView.swift in Sources */,
				7885B8992567E4C0003439F5 /* StockJournalView.swift in Sources */,
				788EFFEC255F10970076FE0F /* NSTableView.swift in Sources */,
				78CB7619255EB9C600319108 /* MDProductsModel.swift in Sources */,
				78D0F4DD2571238600E1B732 /* ShoppingListStatus.swift in Sources */,
				781A25A4256690C200560026 /* MDProductGroupFormView.swift in Sources */,
				7848A0EA256BE3EF004EAF18 /* InventoryProductView.swift in Sources */,
				7848A0DC256BE3D5004EAF18 /* ConsumeProductView.swift in Sources */,
				7891C648257E3BDD0014C59E /* RowInteractionButton.swift in Sources */,
				78EB13AE255F09E40055A0A8 /* SearchToolbarItem.swift in Sources */,
				7880F113256FC92800FB8431 /* ShoppingListFormView.swift in Sources */,
				786F6E8C2563FFA7004D8DE0 /* MDShoppingLocationFormView.swift in Sources */,
				7880F0F2256FB4CB00FB8431 /* ShoppingListView.swift in Sources */,
				78D0F4D6257122DA00E1B732 /* ShoppingListFilterView.swift in Sources */,
				786F6EA52564035C004D8DE0 /* MDChoresView.swift in Sources */,
				78CB764D255EBB0400319108 /* SearchBar.swift in Sources */,
				78D0F4C42571228B00E1B732 /* ShoppingListFilterActionView.swift in Sources */,
				78CB759C255EA56D00319108 /* AboutView.swift in Sources */,
				786F6E9325640332004D8DE0 /* MDProductsView.swift in Sources */,
				78F1FADC255EFE73007D2E8B /* MDLocationsView.swift in Sources */,
				7891C641257E33430014C59E /* StockTableRowActionsView.swift in Sources */,
				78FA6A9C2567D4E000941460 /* TransactionType.swift in Sources */,
				78CB761D255EB9C600319108 /* MDProductGroupsModel.swift in Sources */,
				78CB7605255EB9A000319108 /* ProductConsumeModel.swift in Sources */,
				78F1FAC1255EE6AC007D2E8B /* StockTableConfigView.swift in Sources */,
				78CB7636255EBA3F00319108 /* StockView.swift in Sources */,
				78262708256E83A900ECED03 /* StockLocationModel.swift in Sources */,
				7885B8B02567F08F003439F5 /* GrocyUserModel.swift in Sources */,
				78B67B7D2577DD8000EE6BBA /* ShoppingListActionModel.swift in Sources */,
				78CB7570255EA39200319108 /* GrocyModel.swift in Sources */,
				7826271F256E884F00ECED03 /* ProductTransferModel.swift in Sources */,
				78CB7617255EB9C600319108 /* MDLocationsModel.swift in Sources */,
				78396E8D25629FE600B9878F /* MyTextField.swift in Sources */,
				78CB74D7255EA01600319108 /* AppSidebarNavigation.swift in Sources */,
				78CB75A7255EA5A900319108 /* Localization.swift in Sources */,
				786F6EAC25640372004D8DE0 /* MDQuantityUnitsView.swift in Sources */,
				781A25572566838C00560026 /* AppCommands.swift in Sources */,
				78CB760B255EB9A000319108 /* ProductBuyModel.swift in Sources */,
				7891C65D257E539A0014C59E /* ProductInventoryModel.swift in Sources */,
				78CB7658255EC0B500319108 /* StockFilterBarView.swift in Sources */,
				786F6E9A2564034F004D8DE0 /* MDProductGroupsView.swift in Sources */,
				78CB7609255EB9A000319108 /* ProductOpenModel.swift in Sources */,
				78CB74BF255E9EF800319108 /* ContentView.swift in Sources */,
				78CB75BC255EAE0000319108 /* VisualEffectBlur.swift in Sources */,
				78F1FAF8255F0347007D2E8B /* ToolbarSearch.swift in Sources */,
				7848A0CE256BD2C3004EAF18 /* UserManagementView.swift in Sources */,
				78CB7603255EB9A000319108 /* VolatileStockModel.swift in Sources */,
				7880F10C256FC4F100FB8431 /* ShoppingListRowView.swift in Sources */,
				78CB75FF255EB9A000319108 /* StockEntryModel.swift in Sources */,
				78396E7725629F7700B9878F /* MDLocationFormView.swift in Sources */,
				781A25AF2566952A00560026 /* MDProductFormView.swift in Sources */,
				78CB7587255EA3D000319108 /* SystemDBChangedTimeModel.swift in Sources */,
				781DD5C82579028800A30ECA /* MDBarcodesView.swift in Sources */,
				781A25C92566B84600560026 /* MyDoubleStepper.swift in Sources */,
				7885B8BC2567F723003439F5 /* PurchaseProductView.swift in Sources */,
				78CB7638255EBA3F00319108 /* ProductStatus.swift in Sources */,
				78FA6A952567D40500941460 /* StockJournalModel.swift in Sources */,
				78CB74BD255E9EF800319108 /* Grocy_SwiftUIApp.swift in Sources */,
				786F6E852563FDC7004D8DE0 /* MDShoppingLocationsView.swift in Sources */,
				782626F1256E824C00ECED03 /* StockProductDetailsModel.swift in Sources */,
				78CB7630255EBA3F00319108 /* StockFilterActionsView.swift in Sources */,
				78CB761B255EB9C600319108 /* MDQuantityUnitsModel.swift in Sources */,
				781A25BE2566B5AF00560026 /* MyIntStepper.swift in Sources */,
				78CB7589255EA3D000319108 /* SystemConfigModel.swift in Sources */,
				7885B8A82567ED14003439F5 /* SharedModel.swift in Sources */,
				7880F0FA256FB63800FB8431 /* ShoppingListModel.swift in Sources */,
				7826270F256E847F00ECED03 /* StockProductPriceHistory.swift in Sources */,
				78CB75A9255EA5A900319108 /* DateFormatter.swift in Sources */,
				782626F8256E82EF00ECED03 /* MDProductBarcodeModel.swift in Sources */,
				78CB75B1255EAB1400319108 /* Animations.swift in Sources */,
				781A25D42566BB9100560026 /* MyToggle.swift in Sources */,
				7891C656257E45DC0014C59E /* StockTableMenuView.swift in Sources */,
				7891C64F257E43460014C59E /* ShoppingListRowActionsView.swift in Sources */,
				786F6EC125640562004D8DE0 /* MDQuantityUnitFormView.swift in Sources */,
				78CB759E255EA56D00319108 /* SettingsView.swift in Sources */,
				78A33CC225752DC100C450D4 /* AmountFormatter.swift in Sources */,
				78D0F4CB257122B100E1B732 /* ShoppingListActionView.swift in Sources */,
				781DD5B62578F74B00A30ECA /* MDBarcodeFormView.swift in Sources */,
				78D98F702577AFC800199688 /* ShoppingListEntryFormView.swift in Sources */,
				786F6EBA25640396004D8DE0 /* MDTaskCategoriesView.swift in Sources */,
				78CB7632255EBA3F00319108 /* StockTableRow.swift in Sources */,
				78CB7590255EA53F00319108 /* Errors.swift in Sources */,
				78512068256FF0E400171390 /* UserFormView.swift in Sources */,
				78D98F772577B93000199688 /* ShoppingListAddProduct.swift in Sources */,
				78F1FAC8255EEDD1007D2E8B /* StockTable.swift in Sources */,
				7848A0E3256BE3E3004EAF18 /* TransferProductView.swift in Sources */,
				78CB757B255EA39900319108 /* GrocyAPI.swift in Sources */,
				78CB761F255EB9C600319108 /* MDShoppingLocationsModel.swift in Sources */,
			);
			runOnlyForDeploymentPostprocessing = 0;
		};
		78CB74A6255E9EF800319108 /* Sources */ = {
			isa = PBXSourcesBuildPhase;
			buildActionMask = 2147483647;
			files = (
				78CB74AF255E9EF800319108 /* Tests_iOS.swift in Sources */,
			);
			runOnlyForDeploymentPostprocessing = 0;
		};
		78CB74B1255E9EF800319108 /* Sources */ = {
			isa = PBXSourcesBuildPhase;
			buildActionMask = 2147483647;
			files = (
				78CB74BA255E9EF800319108 /* Tests_macOS.swift in Sources */,
			);
			runOnlyForDeploymentPostprocessing = 0;
		};
/* End PBXSourcesBuildPhase section */

/* Begin PBXTargetDependency section */
		78CB74AC255E9EF800319108 /* PBXTargetDependency */ = {
			isa = PBXTargetDependency;
			target = 78CB7499255E9EF800319108 /* Grocy-SwiftUI (iOS) */;
			targetProxy = 78CB74AB255E9EF800319108 /* PBXContainerItemProxy */;
		};
		78CB74B7255E9EF800319108 /* PBXTargetDependency */ = {
			isa = PBXTargetDependency;
			target = 78CB74A1255E9EF800319108 /* Grocy-SwiftUI (macOS) */;
			targetProxy = 78CB74B6255E9EF800319108 /* PBXContainerItemProxy */;
		};
/* End PBXTargetDependency section */

/* Begin PBXVariantGroup section */
		78CB7563255EA2D300319108 /* Localizable.strings */ = {
			isa = PBXVariantGroup;
			children = (
				78CB7562255EA2D300319108 /* en */,
				78CB7568255EA2D600319108 /* de */,
			);
			name = Localizable.strings;
			sourceTree = "<group>";
		};
/* End PBXVariantGroup section */

/* Begin XCBuildConfiguration section */
		78CB74C2255E9EF800319108 /* Debug */ = {
			isa = XCBuildConfiguration;
			buildSettings = {
				ALWAYS_SEARCH_USER_PATHS = NO;
				CLANG_ANALYZER_NONNULL = YES;
				CLANG_ANALYZER_NUMBER_OBJECT_CONVERSION = YES_AGGRESSIVE;
				CLANG_CXX_LANGUAGE_STANDARD = "gnu++14";
				CLANG_CXX_LIBRARY = "libc++";
				CLANG_ENABLE_MODULES = YES;
				CLANG_ENABLE_OBJC_ARC = YES;
				CLANG_ENABLE_OBJC_WEAK = YES;
				CLANG_WARN_BLOCK_CAPTURE_AUTORELEASING = YES;
				CLANG_WARN_BOOL_CONVERSION = YES;
				CLANG_WARN_COMMA = YES;
				CLANG_WARN_CONSTANT_CONVERSION = YES;
				CLANG_WARN_DEPRECATED_OBJC_IMPLEMENTATIONS = YES;
				CLANG_WARN_DIRECT_OBJC_ISA_USAGE = YES_ERROR;
				CLANG_WARN_DOCUMENTATION_COMMENTS = YES;
				CLANG_WARN_EMPTY_BODY = YES;
				CLANG_WARN_ENUM_CONVERSION = YES;
				CLANG_WARN_INFINITE_RECURSION = YES;
				CLANG_WARN_INT_CONVERSION = YES;
				CLANG_WARN_NON_LITERAL_NULL_CONVERSION = YES;
				CLANG_WARN_OBJC_IMPLICIT_RETAIN_SELF = YES;
				CLANG_WARN_OBJC_LITERAL_CONVERSION = YES;
				CLANG_WARN_OBJC_ROOT_CLASS = YES_ERROR;
				CLANG_WARN_QUOTED_INCLUDE_IN_FRAMEWORK_HEADER = YES;
				CLANG_WARN_RANGE_LOOP_ANALYSIS = YES;
				CLANG_WARN_STRICT_PROTOTYPES = YES;
				CLANG_WARN_SUSPICIOUS_MOVE = YES;
				CLANG_WARN_UNGUARDED_AVAILABILITY = YES_AGGRESSIVE;
				CLANG_WARN_UNREACHABLE_CODE = YES;
				CLANG_WARN__DUPLICATE_METHOD_MATCH = YES;
				COPY_PHASE_STRIP = NO;
				DEBUG_INFORMATION_FORMAT = dwarf;
				ENABLE_STRICT_OBJC_MSGSEND = YES;
				ENABLE_TESTABILITY = YES;
				GCC_C_LANGUAGE_STANDARD = gnu11;
				GCC_DYNAMIC_NO_PIC = NO;
				GCC_NO_COMMON_BLOCKS = YES;
				GCC_OPTIMIZATION_LEVEL = 0;
				GCC_PREPROCESSOR_DEFINITIONS = (
					"DEBUG=1",
					"$(inherited)",
				);
				GCC_WARN_64_TO_32_BIT_CONVERSION = YES;
				GCC_WARN_ABOUT_RETURN_TYPE = YES_ERROR;
				GCC_WARN_UNDECLARED_SELECTOR = YES;
				GCC_WARN_UNINITIALIZED_AUTOS = YES_AGGRESSIVE;
				GCC_WARN_UNUSED_FUNCTION = YES;
				GCC_WARN_UNUSED_VARIABLE = YES;
				MTL_ENABLE_DEBUG_INFO = INCLUDE_SOURCE;
				MTL_FAST_MATH = YES;
				ONLY_ACTIVE_ARCH = YES;
				SWIFT_ACTIVE_COMPILATION_CONDITIONS = DEBUG;
				SWIFT_OPTIMIZATION_LEVEL = "-Onone";
			};
			name = Debug;
		};
		78CB74C3255E9EF800319108 /* Release */ = {
			isa = XCBuildConfiguration;
			buildSettings = {
				ALWAYS_SEARCH_USER_PATHS = NO;
				CLANG_ANALYZER_NONNULL = YES;
				CLANG_ANALYZER_NUMBER_OBJECT_CONVERSION = YES_AGGRESSIVE;
				CLANG_CXX_LANGUAGE_STANDARD = "gnu++14";
				CLANG_CXX_LIBRARY = "libc++";
				CLANG_ENABLE_MODULES = YES;
				CLANG_ENABLE_OBJC_ARC = YES;
				CLANG_ENABLE_OBJC_WEAK = YES;
				CLANG_WARN_BLOCK_CAPTURE_AUTORELEASING = YES;
				CLANG_WARN_BOOL_CONVERSION = YES;
				CLANG_WARN_COMMA = YES;
				CLANG_WARN_CONSTANT_CONVERSION = YES;
				CLANG_WARN_DEPRECATED_OBJC_IMPLEMENTATIONS = YES;
				CLANG_WARN_DIRECT_OBJC_ISA_USAGE = YES_ERROR;
				CLANG_WARN_DOCUMENTATION_COMMENTS = YES;
				CLANG_WARN_EMPTY_BODY = YES;
				CLANG_WARN_ENUM_CONVERSION = YES;
				CLANG_WARN_INFINITE_RECURSION = YES;
				CLANG_WARN_INT_CONVERSION = YES;
				CLANG_WARN_NON_LITERAL_NULL_CONVERSION = YES;
				CLANG_WARN_OBJC_IMPLICIT_RETAIN_SELF = YES;
				CLANG_WARN_OBJC_LITERAL_CONVERSION = YES;
				CLANG_WARN_OBJC_ROOT_CLASS = YES_ERROR;
				CLANG_WARN_QUOTED_INCLUDE_IN_FRAMEWORK_HEADER = YES;
				CLANG_WARN_RANGE_LOOP_ANALYSIS = YES;
				CLANG_WARN_STRICT_PROTOTYPES = YES;
				CLANG_WARN_SUSPICIOUS_MOVE = YES;
				CLANG_WARN_UNGUARDED_AVAILABILITY = YES_AGGRESSIVE;
				CLANG_WARN_UNREACHABLE_CODE = YES;
				CLANG_WARN__DUPLICATE_METHOD_MATCH = YES;
				COPY_PHASE_STRIP = NO;
				DEBUG_INFORMATION_FORMAT = "dwarf-with-dsym";
				ENABLE_NS_ASSERTIONS = NO;
				ENABLE_STRICT_OBJC_MSGSEND = YES;
				GCC_C_LANGUAGE_STANDARD = gnu11;
				GCC_NO_COMMON_BLOCKS = YES;
				GCC_WARN_64_TO_32_BIT_CONVERSION = YES;
				GCC_WARN_ABOUT_RETURN_TYPE = YES_ERROR;
				GCC_WARN_UNDECLARED_SELECTOR = YES;
				GCC_WARN_UNINITIALIZED_AUTOS = YES_AGGRESSIVE;
				GCC_WARN_UNUSED_FUNCTION = YES;
				GCC_WARN_UNUSED_VARIABLE = YES;
				MTL_ENABLE_DEBUG_INFO = NO;
				MTL_FAST_MATH = YES;
				SWIFT_COMPILATION_MODE = wholemodule;
				SWIFT_OPTIMIZATION_LEVEL = "-O";
			};
			name = Release;
		};
		78CB74C5255E9EF800319108 /* Debug */ = {
			isa = XCBuildConfiguration;
			buildSettings = {
				ASSETCATALOG_COMPILER_APPICON_NAME = AppIcon;
				ASSETCATALOG_COMPILER_GLOBAL_ACCENT_COLOR_NAME = AccentColor;
				CODE_SIGN_STYLE = Automatic;
				DEVELOPMENT_TEAM = 4CZEVM6X98;
				ENABLE_PREVIEWS = YES;
				INFOPLIST_FILE = iOS/Info.plist;
				IPHONEOS_DEPLOYMENT_TARGET = 14.0;
				LD_RUNPATH_SEARCH_PATHS = (
					"$(inherited)",
					"@executable_path/Frameworks",
				);
				PRODUCT_BUNDLE_IDENTIFIER = "georgmeissner.Grocy-SwiftUI";
				PRODUCT_NAME = "Grocy-SwiftUI";
				SDKROOT = iphoneos;
				SWIFT_VERSION = 5.0;
				TARGETED_DEVICE_FAMILY = "1,2";
			};
			name = Debug;
		};
		78CB74C6255E9EF800319108 /* Release */ = {
			isa = XCBuildConfiguration;
			buildSettings = {
				ASSETCATALOG_COMPILER_APPICON_NAME = AppIcon;
				ASSETCATALOG_COMPILER_GLOBAL_ACCENT_COLOR_NAME = AccentColor;
				CODE_SIGN_STYLE = Automatic;
				DEVELOPMENT_TEAM = 4CZEVM6X98;
				ENABLE_PREVIEWS = YES;
				INFOPLIST_FILE = iOS/Info.plist;
				IPHONEOS_DEPLOYMENT_TARGET = 14.0;
				LD_RUNPATH_SEARCH_PATHS = (
					"$(inherited)",
					"@executable_path/Frameworks",
				);
				PRODUCT_BUNDLE_IDENTIFIER = "georgmeissner.Grocy-SwiftUI";
				PRODUCT_NAME = "Grocy-SwiftUI";
				SDKROOT = iphoneos;
				SWIFT_VERSION = 5.0;
				TARGETED_DEVICE_FAMILY = "1,2";
				VALIDATE_PRODUCT = YES;
			};
			name = Release;
		};
		78CB74C8255E9EF800319108 /* Debug */ = {
			isa = XCBuildConfiguration;
			buildSettings = {
				ASSETCATALOG_COMPILER_APPICON_NAME = AppIcon;
				ASSETCATALOG_COMPILER_GLOBAL_ACCENT_COLOR_NAME = AccentColor;
				CODE_SIGN_ENTITLEMENTS = macOS/macOS.entitlements;
				CODE_SIGN_STYLE = Automatic;
				COMBINE_HIDPI_IMAGES = YES;
				DEVELOPMENT_TEAM = 4CZEVM6X98;
				ENABLE_HARDENED_RUNTIME = YES;
				ENABLE_PREVIEWS = YES;
				INFOPLIST_FILE = macOS/Info.plist;
				LD_RUNPATH_SEARCH_PATHS = (
					"$(inherited)",
					"@executable_path/../Frameworks",
				);
				MACOSX_DEPLOYMENT_TARGET = 11.0;
				PRODUCT_BUNDLE_IDENTIFIER = "georgmeissner.Grocy-SwiftUI";
				PRODUCT_NAME = "Grocy-SwiftUI";
				SDKROOT = macosx;
				SWIFT_VERSION = 5.0;
			};
			name = Debug;
		};
		78CB74C9255E9EF800319108 /* Release */ = {
			isa = XCBuildConfiguration;
			buildSettings = {
				ASSETCATALOG_COMPILER_APPICON_NAME = AppIcon;
				ASSETCATALOG_COMPILER_GLOBAL_ACCENT_COLOR_NAME = AccentColor;
				CODE_SIGN_ENTITLEMENTS = macOS/macOS.entitlements;
				CODE_SIGN_STYLE = Automatic;
				COMBINE_HIDPI_IMAGES = YES;
				DEVELOPMENT_TEAM = 4CZEVM6X98;
				ENABLE_HARDENED_RUNTIME = YES;
				ENABLE_PREVIEWS = YES;
				INFOPLIST_FILE = macOS/Info.plist;
				LD_RUNPATH_SEARCH_PATHS = (
					"$(inherited)",
					"@executable_path/../Frameworks",
				);
				MACOSX_DEPLOYMENT_TARGET = 11.0;
				PRODUCT_BUNDLE_IDENTIFIER = "georgmeissner.Grocy-SwiftUI";
				PRODUCT_NAME = "Grocy-SwiftUI";
				SDKROOT = macosx;
				SWIFT_VERSION = 5.0;
			};
			name = Release;
		};
		78CB74CB255E9EF800319108 /* Debug */ = {
			isa = XCBuildConfiguration;
			buildSettings = {
				ALWAYS_EMBED_SWIFT_STANDARD_LIBRARIES = YES;
				CODE_SIGN_STYLE = Automatic;
				DEVELOPMENT_TEAM = 4CZEVM6X98;
				INFOPLIST_FILE = "Tests iOS/Info.plist";
				IPHONEOS_DEPLOYMENT_TARGET = 14.2;
				LD_RUNPATH_SEARCH_PATHS = (
					"$(inherited)",
					"@executable_path/Frameworks",
					"@loader_path/Frameworks",
				);
				PRODUCT_BUNDLE_IDENTIFIER = "georgmeissner.Tests-iOS";
				PRODUCT_NAME = "$(TARGET_NAME)";
				SDKROOT = iphoneos;
				SWIFT_VERSION = 5.0;
				TARGETED_DEVICE_FAMILY = "1,2";
				TEST_TARGET_NAME = "Grocy-SwiftUI (iOS)";
			};
			name = Debug;
		};
		78CB74CC255E9EF800319108 /* Release */ = {
			isa = XCBuildConfiguration;
			buildSettings = {
				ALWAYS_EMBED_SWIFT_STANDARD_LIBRARIES = YES;
				CODE_SIGN_STYLE = Automatic;
				DEVELOPMENT_TEAM = 4CZEVM6X98;
				INFOPLIST_FILE = "Tests iOS/Info.plist";
				IPHONEOS_DEPLOYMENT_TARGET = 14.2;
				LD_RUNPATH_SEARCH_PATHS = (
					"$(inherited)",
					"@executable_path/Frameworks",
					"@loader_path/Frameworks",
				);
				PRODUCT_BUNDLE_IDENTIFIER = "georgmeissner.Tests-iOS";
				PRODUCT_NAME = "$(TARGET_NAME)";
				SDKROOT = iphoneos;
				SWIFT_VERSION = 5.0;
				TARGETED_DEVICE_FAMILY = "1,2";
				TEST_TARGET_NAME = "Grocy-SwiftUI (iOS)";
				VALIDATE_PRODUCT = YES;
			};
			name = Release;
		};
		78CB74CE255E9EF800319108 /* Debug */ = {
			isa = XCBuildConfiguration;
			buildSettings = {
				ALWAYS_EMBED_SWIFT_STANDARD_LIBRARIES = YES;
				CODE_SIGN_STYLE = Automatic;
				COMBINE_HIDPI_IMAGES = YES;
				DEVELOPMENT_TEAM = 4CZEVM6X98;
				INFOPLIST_FILE = "Tests macOS/Info.plist";
				LD_RUNPATH_SEARCH_PATHS = (
					"$(inherited)",
					"@executable_path/../Frameworks",
					"@loader_path/../Frameworks",
				);
				MACOSX_DEPLOYMENT_TARGET = 11.0;
				PRODUCT_BUNDLE_IDENTIFIER = "georgmeissner.Tests-macOS";
				PRODUCT_NAME = "$(TARGET_NAME)";
				SDKROOT = macosx;
				SWIFT_VERSION = 5.0;
				TEST_TARGET_NAME = "Grocy-SwiftUI (macOS)";
			};
			name = Debug;
		};
		78CB74CF255E9EF800319108 /* Release */ = {
			isa = XCBuildConfiguration;
			buildSettings = {
				ALWAYS_EMBED_SWIFT_STANDARD_LIBRARIES = YES;
				CODE_SIGN_STYLE = Automatic;
				COMBINE_HIDPI_IMAGES = YES;
				DEVELOPMENT_TEAM = 4CZEVM6X98;
				INFOPLIST_FILE = "Tests macOS/Info.plist";
				LD_RUNPATH_SEARCH_PATHS = (
					"$(inherited)",
					"@executable_path/../Frameworks",
					"@loader_path/../Frameworks",
				);
				MACOSX_DEPLOYMENT_TARGET = 11.0;
				PRODUCT_BUNDLE_IDENTIFIER = "georgmeissner.Tests-macOS";
				PRODUCT_NAME = "$(TARGET_NAME)";
				SDKROOT = macosx;
				SWIFT_VERSION = 5.0;
				TEST_TARGET_NAME = "Grocy-SwiftUI (macOS)";
			};
			name = Release;
		};
/* End XCBuildConfiguration section */

/* Begin XCConfigurationList section */
		78CB7491255E9EF600319108 /* Build configuration list for PBXProject "Grocy-SwiftUI" */ = {
			isa = XCConfigurationList;
			buildConfigurations = (
				78CB74C2255E9EF800319108 /* Debug */,
				78CB74C3255E9EF800319108 /* Release */,
			);
			defaultConfigurationIsVisible = 0;
			defaultConfigurationName = Release;
		};
		78CB74C4255E9EF800319108 /* Build configuration list for PBXNativeTarget "Grocy-SwiftUI (iOS)" */ = {
			isa = XCConfigurationList;
			buildConfigurations = (
				78CB74C5255E9EF800319108 /* Debug */,
				78CB74C6255E9EF800319108 /* Release */,
			);
			defaultConfigurationIsVisible = 0;
			defaultConfigurationName = Release;
		};
		78CB74C7255E9EF800319108 /* Build configuration list for PBXNativeTarget "Grocy-SwiftUI (macOS)" */ = {
			isa = XCConfigurationList;
			buildConfigurations = (
				78CB74C8255E9EF800319108 /* Debug */,
				78CB74C9255E9EF800319108 /* Release */,
			);
			defaultConfigurationIsVisible = 0;
			defaultConfigurationName = Release;
		};
		78CB74CA255E9EF800319108 /* Build configuration list for PBXNativeTarget "Tests iOS" */ = {
			isa = XCConfigurationList;
			buildConfigurations = (
				78CB74CB255E9EF800319108 /* Debug */,
				78CB74CC255E9EF800319108 /* Release */,
			);
			defaultConfigurationIsVisible = 0;
			defaultConfigurationName = Release;
		};
		78CB74CD255E9EF800319108 /* Build configuration list for PBXNativeTarget "Tests macOS" */ = {
			isa = XCConfigurationList;
			buildConfigurations = (
				78CB74CE255E9EF800319108 /* Debug */,
				78CB74CF255E9EF800319108 /* Release */,
			);
			defaultConfigurationIsVisible = 0;
			defaultConfigurationName = Release;
		};
/* End XCConfigurationList section */
	};
	rootObject = 78CB748E255E9EF600319108 /* Project object */;
}
